// !$*UTF8*$!
{
	archiveVersion = 1;
	classes = {
	};
	objectVersion = 54;
	objects = {

/* Begin PBXBuildFile section */
		00E356F31AD99517003FC87E /* travelio_projectTests.m in Sources */ = {isa = PBXBuildFile; fileRef = 00E356F21AD99517003FC87E /* travelio_projectTests.m */; };
		13B07FBC1A68108700A75B9A /* AppDelegate.mm in Sources */ = {isa = PBXBuildFile; fileRef = 13B07FB01A68108700A75B9A /* AppDelegate.mm */; };
		13B07FBF1A68108700A75B9A /* Images.xcassets in Resources */ = {isa = PBXBuildFile; fileRef = 13B07FB51A68108700A75B9A /* Images.xcassets */; };
		13B07FC11A68108700A75B9A /* main.m in Sources */ = {isa = PBXBuildFile; fileRef = 13B07FB71A68108700A75B9A /* main.m */; };
		1F9E874628EB206F00D55952 /* AntDesign.ttf in Resources */ = {isa = PBXBuildFile; fileRef = 1FAC407D285267B90089BDEE /* AntDesign.ttf */; };
		1F9E874728EB206F00D55952 /* Entypo.ttf in Resources */ = {isa = PBXBuildFile; fileRef = 1FAC4078285267B90089BDEE /* Entypo.ttf */; };
		1F9E874828EB206F00D55952 /* EvilIcons.ttf in Resources */ = {isa = PBXBuildFile; fileRef = 1FAC407C285267B90089BDEE /* EvilIcons.ttf */; };
		1F9E874928EB206F00D55952 /* Feather.ttf in Resources */ = {isa = PBXBuildFile; fileRef = 1FAC4072285267B90089BDEE /* Feather.ttf */; };
		1F9E874A28EB206F00D55952 /* FontAwesome.ttf in Resources */ = {isa = PBXBuildFile; fileRef = 1FAC4079285267B90089BDEE /* FontAwesome.ttf */; };
		1F9E874B28EB206F00D55952 /* FontAwesome5_Brands.ttf in Resources */ = {isa = PBXBuildFile; fileRef = 1FAC4081285267B90089BDEE /* FontAwesome5_Brands.ttf */; };
		1F9E874C28EB206F00D55952 /* FontAwesome5_Regular.ttf in Resources */ = {isa = PBXBuildFile; fileRef = 1FAC4076285267B90089BDEE /* FontAwesome5_Regular.ttf */; };
		1F9E874D28EB206F00D55952 /* FontAwesome5_Solid.ttf in Resources */ = {isa = PBXBuildFile; fileRef = 1FAC407F285267B90089BDEE /* FontAwesome5_Solid.ttf */; };
		1F9E874E28EB206F00D55952 /* Fontisto.ttf in Resources */ = {isa = PBXBuildFile; fileRef = 1FAC407B285267B90089BDEE /* Fontisto.ttf */; };
		1F9E874F28EB206F00D55952 /* Foundation.ttf in Resources */ = {isa = PBXBuildFile; fileRef = 1FAC4080285267B90089BDEE /* Foundation.ttf */; };
		1F9E875028EB206F00D55952 /* Ionicons.ttf in Resources */ = {isa = PBXBuildFile; fileRef = 1FAC4073285267B90089BDEE /* Ionicons.ttf */; };
		1F9E875128EB206F00D55952 /* MaterialCommunityIcons.ttf in Resources */ = {isa = PBXBuildFile; fileRef = 1FAC407A285267B90089BDEE /* MaterialCommunityIcons.ttf */; };
		1F9E875228EB206F00D55952 /* MaterialIcons.ttf in Resources */ = {isa = PBXBuildFile; fileRef = 1FAC4077285267B90089BDEE /* MaterialIcons.ttf */; };
		1F9E875328EB206F00D55952 /* Octicons.ttf in Resources */ = {isa = PBXBuildFile; fileRef = 1FAC4075285267B90089BDEE /* Octicons.ttf */; };
		1F9E875428EB206F00D55952 /* SimpleLineIcons.ttf in Resources */ = {isa = PBXBuildFile; fileRef = 1FAC4074285267B90089BDEE /* SimpleLineIcons.ttf */; };
		1F9E875528EB206F00D55952 /* Zocial.ttf in Resources */ = {isa = PBXBuildFile; fileRef = 1FAC407E285267B90089BDEE /* Zocial.ttf */; };
		1FAC404E285249560089BDEE /* WorkSans-SemiBold.ttf in Resources */ = {isa = PBXBuildFile; fileRef = 1FAC403C285249530089BDEE /* WorkSans-SemiBold.ttf */; };
		1FAC404F285249560089BDEE /* WorkSans-SemiBold.ttf in Resources */ = {isa = PBXBuildFile; fileRef = 1FAC403C285249530089BDEE /* WorkSans-SemiBold.ttf */; };
		1FAC4050285249560089BDEE /* WorkSans-BlackItalic.ttf in Resources */ = {isa = PBXBuildFile; fileRef = 1FAC403D285249530089BDEE /* WorkSans-BlackItalic.ttf */; };
		1FAC4051285249560089BDEE /* WorkSans-BlackItalic.ttf in Resources */ = {isa = PBXBuildFile; fileRef = 1FAC403D285249530089BDEE /* WorkSans-BlackItalic.ttf */; };
		1FAC4052285249560089BDEE /* WorkSans-Medium.ttf in Resources */ = {isa = PBXBuildFile; fileRef = 1FAC403E285249540089BDEE /* WorkSans-Medium.ttf */; };
		1FAC4053285249560089BDEE /* WorkSans-Medium.ttf in Resources */ = {isa = PBXBuildFile; fileRef = 1FAC403E285249540089BDEE /* WorkSans-Medium.ttf */; };
		1FAC4054285249560089BDEE /* WorkSans-ExtraLightItalic.ttf in Resources */ = {isa = PBXBuildFile; fileRef = 1FAC403F285249540089BDEE /* WorkSans-ExtraLightItalic.ttf */; };
		1FAC4055285249560089BDEE /* WorkSans-ExtraLightItalic.ttf in Resources */ = {isa = PBXBuildFile; fileRef = 1FAC403F285249540089BDEE /* WorkSans-ExtraLightItalic.ttf */; };
		1FAC4056285249560089BDEE /* WorkSans-BoldItalic.ttf in Resources */ = {isa = PBXBuildFile; fileRef = 1FAC4040285249540089BDEE /* WorkSans-BoldItalic.ttf */; };
		1FAC4057285249560089BDEE /* WorkSans-BoldItalic.ttf in Resources */ = {isa = PBXBuildFile; fileRef = 1FAC4040285249540089BDEE /* WorkSans-BoldItalic.ttf */; };
		1FAC4058285249560089BDEE /* WorkSans-Light.ttf in Resources */ = {isa = PBXBuildFile; fileRef = 1FAC4041285249540089BDEE /* WorkSans-Light.ttf */; };
		1FAC4059285249560089BDEE /* WorkSans-Light.ttf in Resources */ = {isa = PBXBuildFile; fileRef = 1FAC4041285249540089BDEE /* WorkSans-Light.ttf */; };
		1FAC405A285249560089BDEE /* WorkSans-Bold.ttf in Resources */ = {isa = PBXBuildFile; fileRef = 1FAC4042285249540089BDEE /* WorkSans-Bold.ttf */; };
		1FAC405B285249560089BDEE /* WorkSans-Bold.ttf in Resources */ = {isa = PBXBuildFile; fileRef = 1FAC4042285249540089BDEE /* WorkSans-Bold.ttf */; };
		1FAC405C285249560089BDEE /* WorkSans-Black.ttf in Resources */ = {isa = PBXBuildFile; fileRef = 1FAC4043285249540089BDEE /* WorkSans-Black.ttf */; };
		1FAC405D285249560089BDEE /* WorkSans-Black.ttf in Resources */ = {isa = PBXBuildFile; fileRef = 1FAC4043285249540089BDEE /* WorkSans-Black.ttf */; };
		1FAC405E285249560089BDEE /* WorkSans-Italic.ttf in Resources */ = {isa = PBXBuildFile; fileRef = 1FAC4044285249550089BDEE /* WorkSans-Italic.ttf */; };
		1FAC405F285249560089BDEE /* WorkSans-Italic.ttf in Resources */ = {isa = PBXBuildFile; fileRef = 1FAC4044285249550089BDEE /* WorkSans-Italic.ttf */; };
		1FAC4060285249560089BDEE /* WorkSans-ExtraLight.ttf in Resources */ = {isa = PBXBuildFile; fileRef = 1FAC4045285249550089BDEE /* WorkSans-ExtraLight.ttf */; };
		1FAC4061285249560089BDEE /* WorkSans-ExtraLight.ttf in Resources */ = {isa = PBXBuildFile; fileRef = 1FAC4045285249550089BDEE /* WorkSans-ExtraLight.ttf */; };
		1FAC4062285249560089BDEE /* WorkSans-Thin.ttf in Resources */ = {isa = PBXBuildFile; fileRef = 1FAC4046285249550089BDEE /* WorkSans-Thin.ttf */; };
		1FAC4063285249560089BDEE /* WorkSans-Thin.ttf in Resources */ = {isa = PBXBuildFile; fileRef = 1FAC4046285249550089BDEE /* WorkSans-Thin.ttf */; };
		1FAC4064285249560089BDEE /* WorkSans-MediumItalic.ttf in Resources */ = {isa = PBXBuildFile; fileRef = 1FAC4047285249550089BDEE /* WorkSans-MediumItalic.ttf */; };
		1FAC4065285249560089BDEE /* WorkSans-MediumItalic.ttf in Resources */ = {isa = PBXBuildFile; fileRef = 1FAC4047285249550089BDEE /* WorkSans-MediumItalic.ttf */; };
		1FAC4066285249560089BDEE /* WorkSans-ExtraBold.ttf in Resources */ = {isa = PBXBuildFile; fileRef = 1FAC4048285249550089BDEE /* WorkSans-ExtraBold.ttf */; };
		1FAC4067285249560089BDEE /* WorkSans-ExtraBold.ttf in Resources */ = {isa = PBXBuildFile; fileRef = 1FAC4048285249550089BDEE /* WorkSans-ExtraBold.ttf */; };
		1FAC4068285249560089BDEE /* WorkSans-Regular.ttf in Resources */ = {isa = PBXBuildFile; fileRef = 1FAC4049285249550089BDEE /* WorkSans-Regular.ttf */; };
		1FAC4069285249560089BDEE /* WorkSans-Regular.ttf in Resources */ = {isa = PBXBuildFile; fileRef = 1FAC4049285249550089BDEE /* WorkSans-Regular.ttf */; };
		1FAC406A285249560089BDEE /* WorkSans-LightItalic.ttf in Resources */ = {isa = PBXBuildFile; fileRef = 1FAC404A285249550089BDEE /* WorkSans-LightItalic.ttf */; };
		1FAC406B285249560089BDEE /* WorkSans-LightItalic.ttf in Resources */ = {isa = PBXBuildFile; fileRef = 1FAC404A285249550089BDEE /* WorkSans-LightItalic.ttf */; };
		1FAC406C285249560089BDEE /* WorkSans-ThinItalic.ttf in Resources */ = {isa = PBXBuildFile; fileRef = 1FAC404B285249550089BDEE /* WorkSans-ThinItalic.ttf */; };
		1FAC406D285249560089BDEE /* WorkSans-ThinItalic.ttf in Resources */ = {isa = PBXBuildFile; fileRef = 1FAC404B285249550089BDEE /* WorkSans-ThinItalic.ttf */; };
		1FAC406E285249560089BDEE /* WorkSans-ExtraBoldItalic.ttf in Resources */ = {isa = PBXBuildFile; fileRef = 1FAC404C285249550089BDEE /* WorkSans-ExtraBoldItalic.ttf */; };
		1FAC406F285249560089BDEE /* WorkSans-ExtraBoldItalic.ttf in Resources */ = {isa = PBXBuildFile; fileRef = 1FAC404C285249550089BDEE /* WorkSans-ExtraBoldItalic.ttf */; };
		1FAC4070285249560089BDEE /* WorkSans-SemiBoldItalic.ttf in Resources */ = {isa = PBXBuildFile; fileRef = 1FAC404D285249560089BDEE /* WorkSans-SemiBoldItalic.ttf */; };
		1FAC4071285249560089BDEE /* WorkSans-SemiBoldItalic.ttf in Resources */ = {isa = PBXBuildFile; fileRef = 1FAC404D285249560089BDEE /* WorkSans-SemiBoldItalic.ttf */; };
		1FAC4083285267B90089BDEE /* Feather.ttf in Resources */ = {isa = PBXBuildFile; fileRef = 1FAC4072285267B90089BDEE /* Feather.ttf */; };
		1FAC4085285267B90089BDEE /* Ionicons.ttf in Resources */ = {isa = PBXBuildFile; fileRef = 1FAC4073285267B90089BDEE /* Ionicons.ttf */; };
		1FAC4087285267B90089BDEE /* SimpleLineIcons.ttf in Resources */ = {isa = PBXBuildFile; fileRef = 1FAC4074285267B90089BDEE /* SimpleLineIcons.ttf */; };
		1FAC4089285267B90089BDEE /* Octicons.ttf in Resources */ = {isa = PBXBuildFile; fileRef = 1FAC4075285267B90089BDEE /* Octicons.ttf */; };
		1FAC408B285267B90089BDEE /* FontAwesome5_Regular.ttf in Resources */ = {isa = PBXBuildFile; fileRef = 1FAC4076285267B90089BDEE /* FontAwesome5_Regular.ttf */; };
		1FAC408D285267B90089BDEE /* MaterialIcons.ttf in Resources */ = {isa = PBXBuildFile; fileRef = 1FAC4077285267B90089BDEE /* MaterialIcons.ttf */; };
		1FAC408F285267B90089BDEE /* Entypo.ttf in Resources */ = {isa = PBXBuildFile; fileRef = 1FAC4078285267B90089BDEE /* Entypo.ttf */; };
		1FAC4091285267B90089BDEE /* FontAwesome.ttf in Resources */ = {isa = PBXBuildFile; fileRef = 1FAC4079285267B90089BDEE /* FontAwesome.ttf */; };
		1FAC4093285267B90089BDEE /* MaterialCommunityIcons.ttf in Resources */ = {isa = PBXBuildFile; fileRef = 1FAC407A285267B90089BDEE /* MaterialCommunityIcons.ttf */; };
		1FAC4095285267B90089BDEE /* Fontisto.ttf in Resources */ = {isa = PBXBuildFile; fileRef = 1FAC407B285267B90089BDEE /* Fontisto.ttf */; };
		1FAC4097285267B90089BDEE /* EvilIcons.ttf in Resources */ = {isa = PBXBuildFile; fileRef = 1FAC407C285267B90089BDEE /* EvilIcons.ttf */; };
		1FAC4099285267B90089BDEE /* AntDesign.ttf in Resources */ = {isa = PBXBuildFile; fileRef = 1FAC407D285267B90089BDEE /* AntDesign.ttf */; };
		1FAC409B285267B90089BDEE /* Zocial.ttf in Resources */ = {isa = PBXBuildFile; fileRef = 1FAC407E285267B90089BDEE /* Zocial.ttf */; };
		1FAC409D285267B90089BDEE /* FontAwesome5_Solid.ttf in Resources */ = {isa = PBXBuildFile; fileRef = 1FAC407F285267B90089BDEE /* FontAwesome5_Solid.ttf */; };
		1FAC409F285267B90089BDEE /* Foundation.ttf in Resources */ = {isa = PBXBuildFile; fileRef = 1FAC4080285267B90089BDEE /* Foundation.ttf */; };
		1FAC40A1285267B90089BDEE /* FontAwesome5_Brands.ttf in Resources */ = {isa = PBXBuildFile; fileRef = 1FAC4081285267B90089BDEE /* FontAwesome5_Brands.ttf */; };
		221DDB092A03F25300F559B1 /* StoreKit.framework in Frameworks */ = {isa = PBXBuildFile; fileRef = 221DDB082A03F25300F559B1 /* StoreKit.framework */; };
		22B4BB8229F19D0F00875FED /* GoogleService-Info.plist in Resources */ = {isa = PBXBuildFile; fileRef = 22B4BB8129F19D0E00875FED /* GoogleService-Info.plist */; };
		3DB54EAD01EE071638D16521 /* Pods_Weano_WeanoTests.framework in Frameworks */ = {isa = PBXBuildFile; fileRef = 344985FBC0F88200DF89745A /* Pods_Weano_WeanoTests.framework */; };
		5BCC5DBB600AC38FCEB1F140 /* ExpoModulesProvider.swift in Sources */ = {isa = PBXBuildFile; fileRef = 63D1EACCFC7013DBE98A061D /* ExpoModulesProvider.swift */; };
		77B1AB033EDF0E0DA7D4FFA1 /* ExpoModulesProvider.swift in Sources */ = {isa = PBXBuildFile; fileRef = 7D4D6D8EEE20960F43072627 /* ExpoModulesProvider.swift */; };
		81AB9BB82411601600AC10FF /* LaunchScreen.storyboard in Resources */ = {isa = PBXBuildFile; fileRef = 81AB9BB72411601600AC10FF /* LaunchScreen.storyboard */; };
		EB24E5519B5ED42BD9AB91FB /* Pods_Weano.framework in Frameworks */ = {isa = PBXBuildFile; fileRef = C6831C58DD0294F9BD5D5D92 /* Pods_Weano.framework */; };
/* End PBXBuildFile section */

/* Begin PBXContainerItemProxy section */
		00E356F41AD99517003FC87E /* PBXContainerItemProxy */ = {
			isa = PBXContainerItemProxy;
			containerPortal = 83CBB9F71A601CBA00E9B192 /* Project object */;
			proxyType = 1;
			remoteGlobalIDString = 13B07F861A680F5B00A75B9A;
			remoteInfo = travelio_project;
		};
/* End PBXContainerItemProxy section */

/* Begin PBXFileReference section */
		00E356EE1AD99517003FC87E /* WeanoTests.xctest */ = {isa = PBXFileReference; explicitFileType = wrapper.cfbundle; includeInIndex = 0; path = WeanoTests.xctest; sourceTree = BUILT_PRODUCTS_DIR; };
		00E356F11AD99517003FC87E /* Info.plist */ = {isa = PBXFileReference; lastKnownFileType = text.plist.xml; path = Info.plist; sourceTree = "<group>"; };
		00E356F21AD99517003FC87E /* travelio_projectTests.m */ = {isa = PBXFileReference; lastKnownFileType = sourcecode.c.objc; path = travelio_projectTests.m; sourceTree = "<group>"; };
		04CE6AEDB3A34D5E9BACEDE1 /* WorkSans-Black.ttf */ = {isa = PBXFileReference; explicitFileType = undefined; fileEncoding = 9; includeInIndex = 0; lastKnownFileType = unknown; name = "WorkSans-Black.ttf"; path = "../assets/fonts/WorkSans-Black.ttf"; sourceTree = "<group>"; };
		0797A8B2E55E47998BB810D7 /* WorkSans-Medium.ttf */ = {isa = PBXFileReference; explicitFileType = undefined; fileEncoding = 9; includeInIndex = 0; lastKnownFileType = unknown; name = "WorkSans-Medium.ttf"; path = "../assets/fonts/WorkSans-Medium.ttf"; sourceTree = "<group>"; };
		0F37DEDDBA8B4795A170BBB7 /* WorkSans-Light.ttf */ = {isa = PBXFileReference; explicitFileType = undefined; fileEncoding = 9; includeInIndex = 0; lastKnownFileType = unknown; name = "WorkSans-Light.ttf"; path = "../assets/fonts/WorkSans-Light.ttf"; sourceTree = "<group>"; };
		1366FAC82B4442FF8D17E883 /* WorkSans-BoldItalic.ttf */ = {isa = PBXFileReference; explicitFileType = undefined; fileEncoding = 9; includeInIndex = 0; lastKnownFileType = unknown; name = "WorkSans-BoldItalic.ttf"; path = "../assets/fonts/WorkSans-BoldItalic.ttf"; sourceTree = "<group>"; };
		13B07F961A680F5B00A75B9A /* Weano.app */ = {isa = PBXFileReference; explicitFileType = wrapper.application; includeInIndex = 0; path = Weano.app; sourceTree = BUILT_PRODUCTS_DIR; };
		13B07FAF1A68108700A75B9A /* AppDelegate.h */ = {isa = PBXFileReference; fileEncoding = 4; lastKnownFileType = sourcecode.c.h; name = AppDelegate.h; path = travelio_project/AppDelegate.h; sourceTree = "<group>"; };
		13B07FB01A68108700A75B9A /* AppDelegate.mm */ = {isa = PBXFileReference; fileEncoding = 4; lastKnownFileType = sourcecode.cpp.objcpp; name = AppDelegate.mm; path = travelio_project/AppDelegate.mm; sourceTree = "<group>"; };
		13B07FB51A68108700A75B9A /* Images.xcassets */ = {isa = PBXFileReference; lastKnownFileType = folder.assetcatalog; name = Images.xcassets; path = travelio_project/Images.xcassets; sourceTree = "<group>"; };
		13B07FB61A68108700A75B9A /* Info.plist */ = {isa = PBXFileReference; fileEncoding = 4; lastKnownFileType = text.plist.xml; name = Info.plist; path = travelio_project/Info.plist; sourceTree = "<group>"; };
		13B07FB71A68108700A75B9A /* main.m */ = {isa = PBXFileReference; fileEncoding = 4; lastKnownFileType = sourcecode.c.objc; name = main.m; path = travelio_project/main.m; sourceTree = "<group>"; };
		14FEACA032AB4495AABD3E6C /* WorkSans-ExtraLight.ttf */ = {isa = PBXFileReference; explicitFileType = undefined; fileEncoding = 9; includeInIndex = 0; lastKnownFileType = unknown; name = "WorkSans-ExtraLight.ttf"; path = "../assets/fonts/WorkSans-ExtraLight.ttf"; sourceTree = "<group>"; };
		1FAC403C285249530089BDEE /* WorkSans-SemiBold.ttf */ = {isa = PBXFileReference; lastKnownFileType = file; path = "WorkSans-SemiBold.ttf"; sourceTree = "<group>"; };
		1FAC403D285249530089BDEE /* WorkSans-BlackItalic.ttf */ = {isa = PBXFileReference; lastKnownFileType = file; path = "WorkSans-BlackItalic.ttf"; sourceTree = "<group>"; };
		1FAC403E285249540089BDEE /* WorkSans-Medium.ttf */ = {isa = PBXFileReference; lastKnownFileType = file; path = "WorkSans-Medium.ttf"; sourceTree = "<group>"; };
		1FAC403F285249540089BDEE /* WorkSans-ExtraLightItalic.ttf */ = {isa = PBXFileReference; lastKnownFileType = file; path = "WorkSans-ExtraLightItalic.ttf"; sourceTree = "<group>"; };
		1FAC4040285249540089BDEE /* WorkSans-BoldItalic.ttf */ = {isa = PBXFileReference; lastKnownFileType = file; path = "WorkSans-BoldItalic.ttf"; sourceTree = "<group>"; };
		1FAC4041285249540089BDEE /* WorkSans-Light.ttf */ = {isa = PBXFileReference; lastKnownFileType = file; path = "WorkSans-Light.ttf"; sourceTree = "<group>"; };
		1FAC4042285249540089BDEE /* WorkSans-Bold.ttf */ = {isa = PBXFileReference; lastKnownFileType = file; path = "WorkSans-Bold.ttf"; sourceTree = "<group>"; };
		1FAC4043285249540089BDEE /* WorkSans-Black.ttf */ = {isa = PBXFileReference; lastKnownFileType = file; path = "WorkSans-Black.ttf"; sourceTree = "<group>"; };
		1FAC4044285249550089BDEE /* WorkSans-Italic.ttf */ = {isa = PBXFileReference; lastKnownFileType = file; path = "WorkSans-Italic.ttf"; sourceTree = "<group>"; };
		1FAC4045285249550089BDEE /* WorkSans-ExtraLight.ttf */ = {isa = PBXFileReference; lastKnownFileType = file; path = "WorkSans-ExtraLight.ttf"; sourceTree = "<group>"; };
		1FAC4046285249550089BDEE /* WorkSans-Thin.ttf */ = {isa = PBXFileReference; lastKnownFileType = file; path = "WorkSans-Thin.ttf"; sourceTree = "<group>"; };
		1FAC4047285249550089BDEE /* WorkSans-MediumItalic.ttf */ = {isa = PBXFileReference; lastKnownFileType = file; path = "WorkSans-MediumItalic.ttf"; sourceTree = "<group>"; };
		1FAC4048285249550089BDEE /* WorkSans-ExtraBold.ttf */ = {isa = PBXFileReference; lastKnownFileType = file; path = "WorkSans-ExtraBold.ttf"; sourceTree = "<group>"; };
		1FAC4049285249550089BDEE /* WorkSans-Regular.ttf */ = {isa = PBXFileReference; lastKnownFileType = file; path = "WorkSans-Regular.ttf"; sourceTree = "<group>"; };
		1FAC404A285249550089BDEE /* WorkSans-LightItalic.ttf */ = {isa = PBXFileReference; lastKnownFileType = file; path = "WorkSans-LightItalic.ttf"; sourceTree = "<group>"; };
		1FAC404B285249550089BDEE /* WorkSans-ThinItalic.ttf */ = {isa = PBXFileReference; lastKnownFileType = file; path = "WorkSans-ThinItalic.ttf"; sourceTree = "<group>"; };
		1FAC404C285249550089BDEE /* WorkSans-ExtraBoldItalic.ttf */ = {isa = PBXFileReference; lastKnownFileType = file; path = "WorkSans-ExtraBoldItalic.ttf"; sourceTree = "<group>"; };
		1FAC404D285249560089BDEE /* WorkSans-SemiBoldItalic.ttf */ = {isa = PBXFileReference; lastKnownFileType = file; path = "WorkSans-SemiBoldItalic.ttf"; sourceTree = "<group>"; };
		1FAC4072285267B90089BDEE /* Feather.ttf */ = {isa = PBXFileReference; lastKnownFileType = file; name = Feather.ttf; path = "../../node_modules/react-native-vector-icons/Fonts/Feather.ttf"; sourceTree = "<group>"; };
		1FAC4073285267B90089BDEE /* Ionicons.ttf */ = {isa = PBXFileReference; lastKnownFileType = file; name = Ionicons.ttf; path = "../../node_modules/react-native-vector-icons/Fonts/Ionicons.ttf"; sourceTree = "<group>"; };
		1FAC4074285267B90089BDEE /* SimpleLineIcons.ttf */ = {isa = PBXFileReference; lastKnownFileType = file; name = SimpleLineIcons.ttf; path = "../../node_modules/react-native-vector-icons/Fonts/SimpleLineIcons.ttf"; sourceTree = "<group>"; };
		1FAC4075285267B90089BDEE /* Octicons.ttf */ = {isa = PBXFileReference; lastKnownFileType = file; name = Octicons.ttf; path = "../../node_modules/react-native-vector-icons/Fonts/Octicons.ttf"; sourceTree = "<group>"; };
		1FAC4076285267B90089BDEE /* FontAwesome5_Regular.ttf */ = {isa = PBXFileReference; lastKnownFileType = file; name = FontAwesome5_Regular.ttf; path = "../../node_modules/react-native-vector-icons/Fonts/FontAwesome5_Regular.ttf"; sourceTree = "<group>"; };
		1FAC4077285267B90089BDEE /* MaterialIcons.ttf */ = {isa = PBXFileReference; lastKnownFileType = file; name = MaterialIcons.ttf; path = "../../node_modules/react-native-vector-icons/Fonts/MaterialIcons.ttf"; sourceTree = "<group>"; };
		1FAC4078285267B90089BDEE /* Entypo.ttf */ = {isa = PBXFileReference; lastKnownFileType = file; name = Entypo.ttf; path = "../../node_modules/react-native-vector-icons/Fonts/Entypo.ttf"; sourceTree = "<group>"; };
		1FAC4079285267B90089BDEE /* FontAwesome.ttf */ = {isa = PBXFileReference; lastKnownFileType = file; name = FontAwesome.ttf; path = "../../node_modules/react-native-vector-icons/Fonts/FontAwesome.ttf"; sourceTree = "<group>"; };
		1FAC407A285267B90089BDEE /* MaterialCommunityIcons.ttf */ = {isa = PBXFileReference; lastKnownFileType = file; name = MaterialCommunityIcons.ttf; path = "../../node_modules/react-native-vector-icons/Fonts/MaterialCommunityIcons.ttf"; sourceTree = "<group>"; };
		1FAC407B285267B90089BDEE /* Fontisto.ttf */ = {isa = PBXFileReference; lastKnownFileType = file; name = Fontisto.ttf; path = "../../node_modules/react-native-vector-icons/Fonts/Fontisto.ttf"; sourceTree = "<group>"; };
		1FAC407C285267B90089BDEE /* EvilIcons.ttf */ = {isa = PBXFileReference; lastKnownFileType = file; name = EvilIcons.ttf; path = "../../node_modules/react-native-vector-icons/Fonts/EvilIcons.ttf"; sourceTree = "<group>"; };
		1FAC407D285267B90089BDEE /* AntDesign.ttf */ = {isa = PBXFileReference; lastKnownFileType = file; name = AntDesign.ttf; path = "../../node_modules/react-native-vector-icons/Fonts/AntDesign.ttf"; sourceTree = "<group>"; };
		1FAC407E285267B90089BDEE /* Zocial.ttf */ = {isa = PBXFileReference; lastKnownFileType = file; name = Zocial.ttf; path = "../../node_modules/react-native-vector-icons/Fonts/Zocial.ttf"; sourceTree = "<group>"; };
		1FAC407F285267B90089BDEE /* FontAwesome5_Solid.ttf */ = {isa = PBXFileReference; lastKnownFileType = file; name = FontAwesome5_Solid.ttf; path = "../../node_modules/react-native-vector-icons/Fonts/FontAwesome5_Solid.ttf"; sourceTree = "<group>"; };
		1FAC4080285267B90089BDEE /* Foundation.ttf */ = {isa = PBXFileReference; lastKnownFileType = file; name = Foundation.ttf; path = "../../node_modules/react-native-vector-icons/Fonts/Foundation.ttf"; sourceTree = "<group>"; };
		1FAC4081285267B90089BDEE /* FontAwesome5_Brands.ttf */ = {isa = PBXFileReference; lastKnownFileType = file; name = FontAwesome5_Brands.ttf; path = "../../node_modules/react-native-vector-icons/Fonts/FontAwesome5_Brands.ttf"; sourceTree = "<group>"; };
		2050C7CEE8772FF5D3D6397F /* Pods-Weano-WeanoTests.debug.xcconfig */ = {isa = PBXFileReference; includeInIndex = 1; lastKnownFileType = text.xcconfig; name = "Pods-Weano-WeanoTests.debug.xcconfig"; path = "Target Support Files/Pods-Weano-WeanoTests/Pods-Weano-WeanoTests.debug.xcconfig"; sourceTree = "<group>"; };
		21353FEFB65248238D811CB3 /* WorkSans-ExtraBoldItalic.ttf */ = {isa = PBXFileReference; explicitFileType = undefined; fileEncoding = 9; includeInIndex = 0; lastKnownFileType = unknown; name = "WorkSans-ExtraBoldItalic.ttf"; path = "../assets/fonts/WorkSans-ExtraBoldItalic.ttf"; sourceTree = "<group>"; };
		215EC05CCE4C4907ADC1BB08 /* WorkSans-MediumItalic.ttf */ = {isa = PBXFileReference; explicitFileType = undefined; fileEncoding = 9; includeInIndex = 0; lastKnownFileType = unknown; name = "WorkSans-MediumItalic.ttf"; path = "../assets/fonts/WorkSans-MediumItalic.ttf"; sourceTree = "<group>"; };
		221DDB082A03F25300F559B1 /* StoreKit.framework */ = {isa = PBXFileReference; lastKnownFileType = wrapper.framework; name = StoreKit.framework; path = System/Library/Frameworks/StoreKit.framework; sourceTree = SDKROOT; };
		22B4BB8129F19D0E00875FED /* GoogleService-Info.plist */ = {isa = PBXFileReference; fileEncoding = 4; lastKnownFileType = text.plist.xml; path = "GoogleService-Info.plist"; sourceTree = "<group>"; };
		22CC229C2972EB60006EEF1C /* travelio_project.entitlements */ = {isa = PBXFileReference; lastKnownFileType = text.plist.entitlements; name = travelio_project.entitlements; path = travelio_project/travelio_project.entitlements; sourceTree = "<group>"; };
		232290471730F5FDE2B6071C /* Pods-WeanoTests.debug.xcconfig */ = {isa = PBXFileReference; includeInIndex = 1; lastKnownFileType = text.xcconfig; name = "Pods-WeanoTests.debug.xcconfig"; path = "Target Support Files/Pods-WeanoTests/Pods-WeanoTests.debug.xcconfig"; sourceTree = "<group>"; };
		2B2ADF9BBCE04F65AAEBD83A /* WorkSans-BlackItalic.ttf */ = {isa = PBXFileReference; explicitFileType = undefined; fileEncoding = 9; includeInIndex = 0; lastKnownFileType = unknown; name = "WorkSans-BlackItalic.ttf"; path = "../assets/fonts/WorkSans-BlackItalic.ttf"; sourceTree = "<group>"; };
		2F0F36A1D15B4C499847541B /* WorkSans-Italic.ttf */ = {isa = PBXFileReference; explicitFileType = undefined; fileEncoding = 9; includeInIndex = 0; lastKnownFileType = unknown; name = "WorkSans-Italic.ttf"; path = "../assets/fonts/WorkSans-Italic.ttf"; sourceTree = "<group>"; };
		2FBC3F42241388AB6E6A8BC5 /* Pods-Weano.debug.xcconfig */ = {isa = PBXFileReference; includeInIndex = 1; lastKnownFileType = text.xcconfig; name = "Pods-Weano.debug.xcconfig"; path = "Target Support Files/Pods-Weano/Pods-Weano.debug.xcconfig"; sourceTree = "<group>"; };
		3165777BC10C4CD1A55156E5 /* WorkSans-Regular.ttf */ = {isa = PBXFileReference; explicitFileType = undefined; fileEncoding = 9; includeInIndex = 0; lastKnownFileType = unknown; name = "WorkSans-Regular.ttf"; path = "../assets/fonts/WorkSans-Regular.ttf"; sourceTree = "<group>"; };
		344985FBC0F88200DF89745A /* Pods_Weano_WeanoTests.framework */ = {isa = PBXFileReference; explicitFileType = wrapper.framework; includeInIndex = 0; path = Pods_Weano_WeanoTests.framework; sourceTree = BUILT_PRODUCTS_DIR; };
		50F63DACE27C43BFA3539CA1 /* WorkSans-ExtraLightItalic.ttf */ = {isa = PBXFileReference; explicitFileType = undefined; fileEncoding = 9; includeInIndex = 0; lastKnownFileType = unknown; name = "WorkSans-ExtraLightItalic.ttf"; path = "../assets/fonts/WorkSans-ExtraLightItalic.ttf"; sourceTree = "<group>"; };
		54618D02FCF141DE864751A0 /* WorkSans-SemiBold.ttf */ = {isa = PBXFileReference; explicitFileType = undefined; fileEncoding = 9; includeInIndex = 0; lastKnownFileType = unknown; name = "WorkSans-SemiBold.ttf"; path = "../assets/fonts/WorkSans-SemiBold.ttf"; sourceTree = "<group>"; };
		63D1EACCFC7013DBE98A061D /* ExpoModulesProvider.swift */ = {isa = PBXFileReference; includeInIndex = 1; lastKnownFileType = sourcecode.swift; name = ExpoModulesProvider.swift; path = "Pods/Target Support Files/Pods-Weano/ExpoModulesProvider.swift"; sourceTree = "<group>"; };
		69C588F4447679A40E4C432A /* Pods-WeanoTests.release.xcconfig */ = {isa = PBXFileReference; includeInIndex = 1; lastKnownFileType = text.xcconfig; name = "Pods-WeanoTests.release.xcconfig"; path = "Target Support Files/Pods-WeanoTests/Pods-WeanoTests.release.xcconfig"; sourceTree = "<group>"; };
		7D4D6D8EEE20960F43072627 /* ExpoModulesProvider.swift */ = {isa = PBXFileReference; includeInIndex = 1; lastKnownFileType = sourcecode.swift; name = ExpoModulesProvider.swift; path = "Pods/Target Support Files/Pods-Weano-WeanoTests/ExpoModulesProvider.swift"; sourceTree = "<group>"; };
		8192BD9F3B344EDBAC05CB78 /* WorkSans-ThinItalic.ttf */ = {isa = PBXFileReference; explicitFileType = undefined; fileEncoding = 9; includeInIndex = 0; lastKnownFileType = unknown; name = "WorkSans-ThinItalic.ttf"; path = "../assets/fonts/WorkSans-ThinItalic.ttf"; sourceTree = "<group>"; };
		81AB9BB72411601600AC10FF /* LaunchScreen.storyboard */ = {isa = PBXFileReference; fileEncoding = 4; lastKnownFileType = file.storyboard; name = LaunchScreen.storyboard; path = travelio_project/LaunchScreen.storyboard; sourceTree = "<group>"; };
		9F6E34D837FF4D3BB1EBE93D /* WorkSans-SemiBoldItalic.ttf */ = {isa = PBXFileReference; explicitFileType = undefined; fileEncoding = 9; includeInIndex = 0; lastKnownFileType = unknown; name = "WorkSans-SemiBoldItalic.ttf"; path = "../assets/fonts/WorkSans-SemiBoldItalic.ttf"; sourceTree = "<group>"; };
		C1A33D7D5D4BF4E5419B64AF /* Pods-Weano.release.xcconfig */ = {isa = PBXFileReference; includeInIndex = 1; lastKnownFileType = text.xcconfig; name = "Pods-Weano.release.xcconfig"; path = "Target Support Files/Pods-Weano/Pods-Weano.release.xcconfig"; sourceTree = "<group>"; };
		C6831C58DD0294F9BD5D5D92 /* Pods_Weano.framework */ = {isa = PBXFileReference; explicitFileType = wrapper.framework; includeInIndex = 0; path = Pods_Weano.framework; sourceTree = BUILT_PRODUCTS_DIR; };
		D29581E6F1EA4B9BA5037AB5 /* WorkSans-Bold.ttf */ = {isa = PBXFileReference; explicitFileType = undefined; fileEncoding = 9; includeInIndex = 0; lastKnownFileType = unknown; name = "WorkSans-Bold.ttf"; path = "../assets/fonts/WorkSans-Bold.ttf"; sourceTree = "<group>"; };
		E45760BF2CE840DEA90E670A /* WorkSans-Thin.ttf */ = {isa = PBXFileReference; explicitFileType = undefined; fileEncoding = 9; includeInIndex = 0; lastKnownFileType = unknown; name = "WorkSans-Thin.ttf"; path = "../assets/fonts/WorkSans-Thin.ttf"; sourceTree = "<group>"; };
		E8C0FEFF508D4ED09425D064 /* WorkSans-ExtraBold.ttf */ = {isa = PBXFileReference; explicitFileType = undefined; fileEncoding = 9; includeInIndex = 0; lastKnownFileType = unknown; name = "WorkSans-ExtraBold.ttf"; path = "../assets/fonts/WorkSans-ExtraBold.ttf"; sourceTree = "<group>"; };
		ED297162215061F000B7C4FE /* JavaScriptCore.framework */ = {isa = PBXFileReference; lastKnownFileType = wrapper.framework; name = JavaScriptCore.framework; path = System/Library/Frameworks/JavaScriptCore.framework; sourceTree = SDKROOT; };
		F03FA6F505074293908F23B0 /* WorkSans-LightItalic.ttf */ = {isa = PBXFileReference; explicitFileType = undefined; fileEncoding = 9; includeInIndex = 0; lastKnownFileType = unknown; name = "WorkSans-LightItalic.ttf"; path = "../assets/fonts/WorkSans-LightItalic.ttf"; sourceTree = "<group>"; };
		F615C3B7B57C2B88DAA81D3F /* Pods-Weano-WeanoTests.release.xcconfig */ = {isa = PBXFileReference; includeInIndex = 1; lastKnownFileType = text.xcconfig; name = "Pods-Weano-WeanoTests.release.xcconfig"; path = "Target Support Files/Pods-Weano-WeanoTests/Pods-Weano-WeanoTests.release.xcconfig"; sourceTree = "<group>"; };
/* End PBXFileReference section */

/* Begin PBXFrameworksBuildPhase section */
		00E356EB1AD99517003FC87E /* Frameworks */ = {
			isa = PBXFrameworksBuildPhase;
			buildActionMask = 2147483647;
			files = (
				3DB54EAD01EE071638D16521 /* Pods_Weano_WeanoTests.framework in Frameworks */,
			);
			runOnlyForDeploymentPostprocessing = 0;
		};
		13B07F8C1A680F5B00A75B9A /* Frameworks */ = {
			isa = PBXFrameworksBuildPhase;
			buildActionMask = 2147483647;
			files = (
				221DDB092A03F25300F559B1 /* StoreKit.framework in Frameworks */,
				EB24E5519B5ED42BD9AB91FB /* Pods_Weano.framework in Frameworks */,
			);
			runOnlyForDeploymentPostprocessing = 0;
		};
/* End PBXFrameworksBuildPhase section */

/* Begin PBXGroup section */
		00E356EF1AD99517003FC87E /* travelio_projectTests */ = {
			isa = PBXGroup;
			children = (
				00E356F21AD99517003FC87E /* travelio_projectTests.m */,
				00E356F01AD99517003FC87E /* Supporting Files */,
			);
			path = travelio_projectTests;
			sourceTree = "<group>";
		};
		00E356F01AD99517003FC87E /* Supporting Files */ = {
			isa = PBXGroup;
			children = (
				00E356F11AD99517003FC87E /* Info.plist */,
			);
			name = "Supporting Files";
			sourceTree = "<group>";
		};
		13B07FAE1A68108700A75B9A /* travelio_project */ = {
			isa = PBXGroup;
			children = (
				22B4BB8129F19D0E00875FED /* GoogleService-Info.plist */,
				22CC229C2972EB60006EEF1C /* travelio_project.entitlements */,
				13B07FAF1A68108700A75B9A /* AppDelegate.h */,
				13B07FB01A68108700A75B9A /* AppDelegate.mm */,
				13B07FB51A68108700A75B9A /* Images.xcassets */,
				13B07FB61A68108700A75B9A /* Info.plist */,
				81AB9BB72411601600AC10FF /* LaunchScreen.storyboard */,
				13B07FB71A68108700A75B9A /* main.m */,
			);
			name = travelio_project;
			sourceTree = "<group>";
		};
		1FAC403B2852493C0089BDEE /* Resources */ = {
			isa = PBXGroup;
			children = (
				1FAC4043285249540089BDEE /* WorkSans-Black.ttf */,
				1FAC403D285249530089BDEE /* WorkSans-BlackItalic.ttf */,
				1FAC4042285249540089BDEE /* WorkSans-Bold.ttf */,
				1FAC4040285249540089BDEE /* WorkSans-BoldItalic.ttf */,
				1FAC4048285249550089BDEE /* WorkSans-ExtraBold.ttf */,
				1FAC407D285267B90089BDEE /* AntDesign.ttf */,
				1FAC4078285267B90089BDEE /* Entypo.ttf */,
				1FAC407C285267B90089BDEE /* EvilIcons.ttf */,
				1FAC4072285267B90089BDEE /* Feather.ttf */,
				1FAC4079285267B90089BDEE /* FontAwesome.ttf */,
				1FAC4081285267B90089BDEE /* FontAwesome5_Brands.ttf */,
				1FAC4076285267B90089BDEE /* FontAwesome5_Regular.ttf */,
				1FAC407F285267B90089BDEE /* FontAwesome5_Solid.ttf */,
				1FAC407B285267B90089BDEE /* Fontisto.ttf */,
				1FAC4080285267B90089BDEE /* Foundation.ttf */,
				1FAC4073285267B90089BDEE /* Ionicons.ttf */,
				1FAC407A285267B90089BDEE /* MaterialCommunityIcons.ttf */,
				1FAC4077285267B90089BDEE /* MaterialIcons.ttf */,
				1FAC4075285267B90089BDEE /* Octicons.ttf */,
				1FAC4074285267B90089BDEE /* SimpleLineIcons.ttf */,
				1FAC407E285267B90089BDEE /* Zocial.ttf */,
				1FAC404C285249550089BDEE /* WorkSans-ExtraBoldItalic.ttf */,
				1FAC4045285249550089BDEE /* WorkSans-ExtraLight.ttf */,
				1FAC403F285249540089BDEE /* WorkSans-ExtraLightItalic.ttf */,
				1FAC4044285249550089BDEE /* WorkSans-Italic.ttf */,
				1FAC4041285249540089BDEE /* WorkSans-Light.ttf */,
				1FAC404A285249550089BDEE /* WorkSans-LightItalic.ttf */,
				1FAC403E285249540089BDEE /* WorkSans-Medium.ttf */,
				1FAC4047285249550089BDEE /* WorkSans-MediumItalic.ttf */,
				1FAC4049285249550089BDEE /* WorkSans-Regular.ttf */,
				1FAC403C285249530089BDEE /* WorkSans-SemiBold.ttf */,
				1FAC404D285249560089BDEE /* WorkSans-SemiBoldItalic.ttf */,
				1FAC4046285249550089BDEE /* WorkSans-Thin.ttf */,
				1FAC404B285249550089BDEE /* WorkSans-ThinItalic.ttf */,
				04CE6AEDB3A34D5E9BACEDE1 /* WorkSans-Black.ttf */,
				2B2ADF9BBCE04F65AAEBD83A /* WorkSans-BlackItalic.ttf */,
				D29581E6F1EA4B9BA5037AB5 /* WorkSans-Bold.ttf */,
				1366FAC82B4442FF8D17E883 /* WorkSans-BoldItalic.ttf */,
				E8C0FEFF508D4ED09425D064 /* WorkSans-ExtraBold.ttf */,
				21353FEFB65248238D811CB3 /* WorkSans-ExtraBoldItalic.ttf */,
				14FEACA032AB4495AABD3E6C /* WorkSans-ExtraLight.ttf */,
				50F63DACE27C43BFA3539CA1 /* WorkSans-ExtraLightItalic.ttf */,
				2F0F36A1D15B4C499847541B /* WorkSans-Italic.ttf */,
				0F37DEDDBA8B4795A170BBB7 /* WorkSans-Light.ttf */,
				F03FA6F505074293908F23B0 /* WorkSans-LightItalic.ttf */,
				0797A8B2E55E47998BB810D7 /* WorkSans-Medium.ttf */,
				215EC05CCE4C4907ADC1BB08 /* WorkSans-MediumItalic.ttf */,
				3165777BC10C4CD1A55156E5 /* WorkSans-Regular.ttf */,
				54618D02FCF141DE864751A0 /* WorkSans-SemiBold.ttf */,
				9F6E34D837FF4D3BB1EBE93D /* WorkSans-SemiBoldItalic.ttf */,
				E45760BF2CE840DEA90E670A /* WorkSans-Thin.ttf */,
				8192BD9F3B344EDBAC05CB78 /* WorkSans-ThinItalic.ttf */,
			);
			path = Resources;
			sourceTree = "<group>";
		};
		2D16E6871FA4F8E400B85C8A /* Frameworks */ = {
			isa = PBXGroup;
			children = (
				221DDB082A03F25300F559B1 /* StoreKit.framework */,
				ED297162215061F000B7C4FE /* JavaScriptCore.framework */,
				C6831C58DD0294F9BD5D5D92 /* Pods_Weano.framework */,
				344985FBC0F88200DF89745A /* Pods_Weano_WeanoTests.framework */,
			);
			name = Frameworks;
			sourceTree = "<group>";
		};
		723DE5199A1AA025A4EA0E8B /* ExpoModulesProviders */ = {
			isa = PBXGroup;
			children = (
				F562CB26364BC9AC65F1E058 /* Weano */,
				B96D990C8BE966BFFD9A5D0A /* WeanoTests */,
			);
			name = ExpoModulesProviders;
			sourceTree = "<group>";
		};
		832341AE1AAA6A7D00B99B32 /* Libraries */ = {
			isa = PBXGroup;
			children = (
			);
			name = Libraries;
			sourceTree = "<group>";
		};
		83CBB9F61A601CBA00E9B192 = {
			isa = PBXGroup;
			children = (
				1FAC403B2852493C0089BDEE /* Resources */,
				13B07FAE1A68108700A75B9A /* travelio_project */,
				832341AE1AAA6A7D00B99B32 /* Libraries */,
				00E356EF1AD99517003FC87E /* travelio_projectTests */,
				83CBBA001A601CBA00E9B192 /* Products */,
				2D16E6871FA4F8E400B85C8A /* Frameworks */,
				BBD78D7AC51CEA395F1C20DB /* Pods */,
				723DE5199A1AA025A4EA0E8B /* ExpoModulesProviders */,
			);
			indentWidth = 2;
			sourceTree = "<group>";
			tabWidth = 2;
			usesTabs = 0;
		};
		83CBBA001A601CBA00E9B192 /* Products */ = {
			isa = PBXGroup;
			children = (
				13B07F961A680F5B00A75B9A /* Weano.app */,
				00E356EE1AD99517003FC87E /* WeanoTests.xctest */,
			);
			name = Products;
			sourceTree = "<group>";
		};
		B96D990C8BE966BFFD9A5D0A /* WeanoTests */ = {
			isa = PBXGroup;
			children = (
				7D4D6D8EEE20960F43072627 /* ExpoModulesProvider.swift */,
			);
			name = WeanoTests;
			sourceTree = "<group>";
		};
		BBD78D7AC51CEA395F1C20DB /* Pods */ = {
			isa = PBXGroup;
			children = (
				2FBC3F42241388AB6E6A8BC5 /* Pods-Weano.debug.xcconfig */,
				C1A33D7D5D4BF4E5419B64AF /* Pods-Weano.release.xcconfig */,
				232290471730F5FDE2B6071C /* Pods-WeanoTests.debug.xcconfig */,
				69C588F4447679A40E4C432A /* Pods-WeanoTests.release.xcconfig */,
				2050C7CEE8772FF5D3D6397F /* Pods-Weano-WeanoTests.debug.xcconfig */,
				F615C3B7B57C2B88DAA81D3F /* Pods-Weano-WeanoTests.release.xcconfig */,
			);
			path = Pods;
			sourceTree = "<group>";
		};
		F562CB26364BC9AC65F1E058 /* Weano */ = {
			isa = PBXGroup;
			children = (
				63D1EACCFC7013DBE98A061D /* ExpoModulesProvider.swift */,
			);
			name = Weano;
			sourceTree = "<group>";
		};
/* End PBXGroup section */

/* Begin PBXNativeTarget section */
		00E356ED1AD99517003FC87E /* WeanoTests */ = {
			isa = PBXNativeTarget;
			buildConfigurationList = 00E357021AD99517003FC87E /* Build configuration list for PBXNativeTarget "WeanoTests" */;
			buildPhases = (
				D51E19C591CA4801A735D538 /* [CP] Check Pods Manifest.lock */,
				00E356EA1AD99517003FC87E /* Sources */,
				00E356EB1AD99517003FC87E /* Frameworks */,
				00E356EC1AD99517003FC87E /* Resources */,
				37A05577558FA461D33D6442 /* [CP] Embed Pods Frameworks */,
				A8F9050CF9622B97225B4909 /* [CP] Copy Pods Resources */,
			);
			buildRules = (
			);
			dependencies = (
				00E356F51AD99517003FC87E /* PBXTargetDependency */,
			);
			name = WeanoTests;
			productName = travelio_projectTests;
			productReference = 00E356EE1AD99517003FC87E /* WeanoTests.xctest */;
			productType = "com.apple.product-type.bundle.unit-test";
		};
		13B07F861A680F5B00A75B9A /* Weano */ = {
			isa = PBXNativeTarget;
			buildConfigurationList = 13B07F931A680F5B00A75B9A /* Build configuration list for PBXNativeTarget "Weano" */;
			buildPhases = (
				B29CB8ED4686BD9CA7052B1D /* [CP] Check Pods Manifest.lock */,
				FD10A7F022414F080027D42C /* Start Packager */,
				13B07F871A680F5B00A75B9A /* Sources */,
				13B07F8C1A680F5B00A75B9A /* Frameworks */,
				13B07F8E1A680F5B00A75B9A /* Resources */,
				00DD1BFF1BD5951E006B06BC /* Bundle React Native code and images */,
				A352E75C41CA5CCE3D8942D4 /* [CP] Embed Pods Frameworks */,
				2D39762380BB65E85E14B811 /* [CP] Copy Pods Resources */,
				C68A5AA9643819CF671C2E92 /* [CP-User] [RNFB] Core Configuration */,
			);
			buildRules = (
			);
			dependencies = (
			);
			name = Weano;
			productName = travelio_project;
			productReference = 13B07F961A680F5B00A75B9A /* Weano.app */;
			productType = "com.apple.product-type.application";
		};
/* End PBXNativeTarget section */

/* Begin PBXProject section */
		83CBB9F71A601CBA00E9B192 /* Project object */ = {
			isa = PBXProject;
			attributes = {
				LastUpgradeCheck = 1210;
				TargetAttributes = {
					00E356ED1AD99517003FC87E = {
						CreatedOnToolsVersion = 6.2;
						TestTargetID = 13B07F861A680F5B00A75B9A;
					};
					13B07F861A680F5B00A75B9A = {
						LastSwiftMigration = 1120;
					};
				};
			};
			buildConfigurationList = 83CBB9FA1A601CBA00E9B192 /* Build configuration list for PBXProject "Weano" */;
			compatibilityVersion = "Xcode 12.0";
			developmentRegion = en;
			hasScannedForEncodings = 0;
			knownRegions = (
				en,
				Base,
			);
			mainGroup = 83CBB9F61A601CBA00E9B192;
			productRefGroup = 83CBBA001A601CBA00E9B192 /* Products */;
			projectDirPath = "";
			projectRoot = "";
			targets = (
				13B07F861A680F5B00A75B9A /* Weano */,
				00E356ED1AD99517003FC87E /* WeanoTests */,
			);
		};
/* End PBXProject section */

/* Begin PBXResourcesBuildPhase section */
		00E356EC1AD99517003FC87E /* Resources */ = {
			isa = PBXResourcesBuildPhase;
			buildActionMask = 2147483647;
			files = (
				1FAC4097285267B90089BDEE /* EvilIcons.ttf in Resources */,
				1FAC409B285267B90089BDEE /* Zocial.ttf in Resources */,
				1FAC4089285267B90089BDEE /* Octicons.ttf in Resources */,
				1FAC4091285267B90089BDEE /* FontAwesome.ttf in Resources */,
				1FAC405D285249560089BDEE /* WorkSans-Black.ttf in Resources */,
				1FAC40A1285267B90089BDEE /* FontAwesome5_Brands.ttf in Resources */,
				1FAC406D285249560089BDEE /* WorkSans-ThinItalic.ttf in Resources */,
				1FAC4065285249560089BDEE /* WorkSans-MediumItalic.ttf in Resources */,
				1FAC405F285249560089BDEE /* WorkSans-Italic.ttf in Resources */,
				1FAC4095285267B90089BDEE /* Fontisto.ttf in Resources */,
				1FAC409D285267B90089BDEE /* FontAwesome5_Solid.ttf in Resources */,
				1FAC4055285249560089BDEE /* WorkSans-ExtraLightItalic.ttf in Resources */,
				1FAC4087285267B90089BDEE /* SimpleLineIcons.ttf in Resources */,
				1FAC4067285249560089BDEE /* WorkSans-ExtraBold.ttf in Resources */,
				1FAC408D285267B90089BDEE /* MaterialIcons.ttf in Resources */,
				1FAC4059285249560089BDEE /* WorkSans-Light.ttf in Resources */,
				1FAC406F285249560089BDEE /* WorkSans-ExtraBoldItalic.ttf in Resources */,
				1FAC408B285267B90089BDEE /* FontAwesome5_Regular.ttf in Resources */,
				1FAC4051285249560089BDEE /* WorkSans-BlackItalic.ttf in Resources */,
				1FAC4063285249560089BDEE /* WorkSans-Thin.ttf in Resources */,
				1FAC4085285267B90089BDEE /* Ionicons.ttf in Resources */,
				1FAC4053285249560089BDEE /* WorkSans-Medium.ttf in Resources */,
				1FAC406B285249560089BDEE /* WorkSans-LightItalic.ttf in Resources */,
				1FAC4061285249560089BDEE /* WorkSans-ExtraLight.ttf in Resources */,
				1FAC408F285267B90089BDEE /* Entypo.ttf in Resources */,
				1FAC4071285249560089BDEE /* WorkSans-SemiBoldItalic.ttf in Resources */,
				1FAC4057285249560089BDEE /* WorkSans-BoldItalic.ttf in Resources */,
				1FAC4099285267B90089BDEE /* AntDesign.ttf in Resources */,
				1FAC409F285267B90089BDEE /* Foundation.ttf in Resources */,
				1FAC404F285249560089BDEE /* WorkSans-SemiBold.ttf in Resources */,
				1FAC405B285249560089BDEE /* WorkSans-Bold.ttf in Resources */,
				1FAC4069285249560089BDEE /* WorkSans-Regular.ttf in Resources */,
				1FAC4093285267B90089BDEE /* MaterialCommunityIcons.ttf in Resources */,
				1FAC4083285267B90089BDEE /* Feather.ttf in Resources */,
			);
			runOnlyForDeploymentPostprocessing = 0;
		};
		13B07F8E1A680F5B00A75B9A /* Resources */ = {
			isa = PBXResourcesBuildPhase;
			buildActionMask = 2147483647;
			files = (
				1F9E874628EB206F00D55952 /* AntDesign.ttf in Resources */,
				1F9E874728EB206F00D55952 /* Entypo.ttf in Resources */,
				1F9E874828EB206F00D55952 /* EvilIcons.ttf in Resources */,
				1F9E874928EB206F00D55952 /* Feather.ttf in Resources */,
				1F9E874A28EB206F00D55952 /* FontAwesome.ttf in Resources */,
				1F9E874B28EB206F00D55952 /* FontAwesome5_Brands.ttf in Resources */,
				22B4BB8229F19D0F00875FED /* GoogleService-Info.plist in Resources */,
				1F9E874C28EB206F00D55952 /* FontAwesome5_Regular.ttf in Resources */,
				1F9E874D28EB206F00D55952 /* FontAwesome5_Solid.ttf in Resources */,
				1F9E874E28EB206F00D55952 /* Fontisto.ttf in Resources */,
				1F9E874F28EB206F00D55952 /* Foundation.ttf in Resources */,
				1F9E875028EB206F00D55952 /* Ionicons.ttf in Resources */,
				1F9E875128EB206F00D55952 /* MaterialCommunityIcons.ttf in Resources */,
				1F9E875228EB206F00D55952 /* MaterialIcons.ttf in Resources */,
				1F9E875328EB206F00D55952 /* Octicons.ttf in Resources */,
				1F9E875428EB206F00D55952 /* SimpleLineIcons.ttf in Resources */,
				1F9E875528EB206F00D55952 /* Zocial.ttf in Resources */,
				1FAC4056285249560089BDEE /* WorkSans-BoldItalic.ttf in Resources */,
				1FAC4070285249560089BDEE /* WorkSans-SemiBoldItalic.ttf in Resources */,
				1FAC4064285249560089BDEE /* WorkSans-MediumItalic.ttf in Resources */,
				1FAC4050285249560089BDEE /* WorkSans-BlackItalic.ttf in Resources */,
				1FAC405A285249560089BDEE /* WorkSans-Bold.ttf in Resources */,
				1FAC406A285249560089BDEE /* WorkSans-LightItalic.ttf in Resources */,
				1FAC406C285249560089BDEE /* WorkSans-ThinItalic.ttf in Resources */,
				1FAC404E285249560089BDEE /* WorkSans-SemiBold.ttf in Resources */,
				1FAC4060285249560089BDEE /* WorkSans-ExtraLight.ttf in Resources */,
				1FAC405C285249560089BDEE /* WorkSans-Black.ttf in Resources */,
				1FAC4068285249560089BDEE /* WorkSans-Regular.ttf in Resources */,
				1FAC4058285249560089BDEE /* WorkSans-Light.ttf in Resources */,
				81AB9BB82411601600AC10FF /* LaunchScreen.storyboard in Resources */,
				1FAC405E285249560089BDEE /* WorkSans-Italic.ttf in Resources */,
				1FAC4052285249560089BDEE /* WorkSans-Medium.ttf in Resources */,
				1FAC4054285249560089BDEE /* WorkSans-ExtraLightItalic.ttf in Resources */,
				1FAC406E285249560089BDEE /* WorkSans-ExtraBoldItalic.ttf in Resources */,
				1FAC4062285249560089BDEE /* WorkSans-Thin.ttf in Resources */,
				1FAC4066285249560089BDEE /* WorkSans-ExtraBold.ttf in Resources */,
				13B07FBF1A68108700A75B9A /* Images.xcassets in Resources */,
			);
			runOnlyForDeploymentPostprocessing = 0;
		};
/* End PBXResourcesBuildPhase section */

/* Begin PBXShellScriptBuildPhase section */
		00DD1BFF1BD5951E006B06BC /* Bundle React Native code and images */ = {
			isa = PBXShellScriptBuildPhase;
			buildActionMask = 12;
			files = (
			);
			inputPaths = (
			);
			name = "Bundle React Native code and images";
			outputPaths = (
			);
			runOnlyForDeploymentPostprocessing = 0;
			shellPath = /bin/sh;
			shellScript = "set -e\n\nexport NODE_BINARY=/Users/fabiansimon/.nvm/versions/node/v19.5.0/bin/node\n\n\n";
		};
		2D39762380BB65E85E14B811 /* [CP] Copy Pods Resources */ = {
			isa = PBXShellScriptBuildPhase;
			buildActionMask = 2147483647;
			files = (
			);
			inputFileListPaths = (
				"${PODS_ROOT}/Target Support Files/Pods-Weano/Pods-Weano-resources-${CONFIGURATION}-input-files.xcfilelist",
			);
			name = "[CP] Copy Pods Resources";
			outputFileListPaths = (
				"${PODS_ROOT}/Target Support Files/Pods-Weano/Pods-Weano-resources-${CONFIGURATION}-output-files.xcfilelist",
			);
			runOnlyForDeploymentPostprocessing = 0;
			shellPath = /bin/sh;
			shellScript = "\"${PODS_ROOT}/Target Support Files/Pods-Weano/Pods-Weano-resources.sh\"\n";
			showEnvVarsInLog = 0;
		};
		37A05577558FA461D33D6442 /* [CP] Embed Pods Frameworks */ = {
			isa = PBXShellScriptBuildPhase;
			buildActionMask = 2147483647;
			files = (
			);
			inputFileListPaths = (
				"${PODS_ROOT}/Target Support Files/Pods-Weano-WeanoTests/Pods-Weano-WeanoTests-frameworks-${CONFIGURATION}-input-files.xcfilelist",
			);
			name = "[CP] Embed Pods Frameworks";
			outputFileListPaths = (
				"${PODS_ROOT}/Target Support Files/Pods-Weano-WeanoTests/Pods-Weano-WeanoTests-frameworks-${CONFIGURATION}-output-files.xcfilelist",
			);
			runOnlyForDeploymentPostprocessing = 0;
			shellPath = /bin/sh;
			shellScript = "\"${PODS_ROOT}/Target Support Files/Pods-Weano-WeanoTests/Pods-Weano-WeanoTests-frameworks.sh\"\n";
			showEnvVarsInLog = 0;
		};
		A352E75C41CA5CCE3D8942D4 /* [CP] Embed Pods Frameworks */ = {
			isa = PBXShellScriptBuildPhase;
			buildActionMask = 2147483647;
			files = (
			);
			inputFileListPaths = (
				"${PODS_ROOT}/Target Support Files/Pods-Weano/Pods-Weano-frameworks-${CONFIGURATION}-input-files.xcfilelist",
			);
			name = "[CP] Embed Pods Frameworks";
			outputFileListPaths = (
				"${PODS_ROOT}/Target Support Files/Pods-Weano/Pods-Weano-frameworks-${CONFIGURATION}-output-files.xcfilelist",
			);
			runOnlyForDeploymentPostprocessing = 0;
			shellPath = /bin/sh;
			shellScript = "\"${PODS_ROOT}/Target Support Files/Pods-Weano/Pods-Weano-frameworks.sh\"\n";
			showEnvVarsInLog = 0;
		};
		A8F9050CF9622B97225B4909 /* [CP] Copy Pods Resources */ = {
			isa = PBXShellScriptBuildPhase;
			buildActionMask = 2147483647;
			files = (
			);
			inputFileListPaths = (
				"${PODS_ROOT}/Target Support Files/Pods-Weano-WeanoTests/Pods-Weano-WeanoTests-resources-${CONFIGURATION}-input-files.xcfilelist",
			);
			name = "[CP] Copy Pods Resources";
			outputFileListPaths = (
				"${PODS_ROOT}/Target Support Files/Pods-Weano-WeanoTests/Pods-Weano-WeanoTests-resources-${CONFIGURATION}-output-files.xcfilelist",
			);
			runOnlyForDeploymentPostprocessing = 0;
			shellPath = /bin/sh;
			shellScript = "\"${PODS_ROOT}/Target Support Files/Pods-Weano-WeanoTests/Pods-Weano-WeanoTests-resources.sh\"\n";
			showEnvVarsInLog = 0;
		};
		B29CB8ED4686BD9CA7052B1D /* [CP] Check Pods Manifest.lock */ = {
			isa = PBXShellScriptBuildPhase;
			buildActionMask = 2147483647;
			files = (
			);
			inputFileListPaths = (
			);
			inputPaths = (
				"${PODS_PODFILE_DIR_PATH}/Podfile.lock",
				"${PODS_ROOT}/Manifest.lock",
			);
			name = "[CP] Check Pods Manifest.lock";
			outputFileListPaths = (
			);
			outputPaths = (
				"$(DERIVED_FILE_DIR)/Pods-Weano-checkManifestLockResult.txt",
			);
			runOnlyForDeploymentPostprocessing = 0;
			shellPath = /bin/sh;
			shellScript = "diff \"${PODS_PODFILE_DIR_PATH}/Podfile.lock\" \"${PODS_ROOT}/Manifest.lock\" > /dev/null\nif [ $? != 0 ] ; then\n    # print error to STDERR\n    echo \"error: The sandbox is not in sync with the Podfile.lock. Run 'pod install' or update your CocoaPods installation.\" >&2\n    exit 1\nfi\n# This output is used by Xcode 'outputs' to avoid re-running this script phase.\necho \"SUCCESS\" > \"${SCRIPT_OUTPUT_FILE_0}\"\n";
			showEnvVarsInLog = 0;
		};
		C68A5AA9643819CF671C2E92 /* [CP-User] [RNFB] Core Configuration */ = {
			isa = PBXShellScriptBuildPhase;
			buildActionMask = 2147483647;
			files = (
			);
			inputPaths = (
				"$(BUILT_PRODUCTS_DIR)/$(INFOPLIST_PATH)",
			);
			name = "[CP-User] [RNFB] Core Configuration";
			runOnlyForDeploymentPostprocessing = 0;
			shellPath = /bin/sh;
			shellScript = "#!/usr/bin/env bash\n#\n# Copyright (c) 2016-present Invertase Limited & Contributors\n#\n# Licensed under the Apache License, Version 2.0 (the \"License\");\n# you may not use this library except in compliance with the License.\n# You may obtain a copy of the License at\n#\n#   http://www.apache.org/licenses/LICENSE-2.0\n#\n# Unless required by applicable law or agreed to in writing, software\n# distributed under the License is distributed on an \"AS IS\" BASIS,\n# WITHOUT WARRANTIES OR CONDITIONS OF ANY KIND, either express or implied.\n# See the License for the specific language governing permissions and\n# limitations under the License.\n#\nset -e\n\n_MAX_LOOKUPS=2;\n_SEARCH_RESULT=''\n_RN_ROOT_EXISTS=''\n_CURRENT_LOOKUPS=1\n_JSON_ROOT=\"'react-native'\"\n_JSON_FILE_NAME='firebase.json'\n_JSON_OUTPUT_BASE64='e30=' # { }\n_CURRENT_SEARCH_DIR=${PROJECT_DIR}\n_PLIST_BUDDY=/usr/libexec/PlistBuddy\n_TARGET_PLIST=\"${BUILT_PRODUCTS_DIR}/${INFOPLIST_PATH}\"\n_DSYM_PLIST=\"${DWARF_DSYM_FOLDER_PATH}/${DWARF_DSYM_FILE_NAME}/Contents/Info.plist\"\n\n# plist arrays\n_PLIST_ENTRY_KEYS=()\n_PLIST_ENTRY_TYPES=()\n_PLIST_ENTRY_VALUES=()\n\nfunction setPlistValue {\n  echo \"info:      setting plist entry '$1' of type '$2' in file '$4'\"\n  ${_PLIST_BUDDY} -c \"Add :$1 $2 '$3'\" $4 || echo \"info:      '$1' already exists\"\n}\n\nfunction getFirebaseJsonKeyValue () {\n  if [[ ${_RN_ROOT_EXISTS} ]]; then\n    ruby -Ku -e \"require 'rubygems';require 'json'; output=JSON.parse('$1'); puts output[$_JSON_ROOT]['$2']\"\n  else\n    echo \"\"\n  fi;\n}\n\nfunction jsonBoolToYesNo () {\n  if [[ $1 == \"false\" ]]; then\n    echo \"NO\"\n  elif [[ $1 == \"true\" ]]; then\n    echo \"YES\"\n  else echo \"NO\"\n  fi\n}\n\necho \"info: -> RNFB build script started\"\necho \"info: 1) Locating ${_JSON_FILE_NAME} file:\"\n\nif [[ -z ${_CURRENT_SEARCH_DIR} ]]; then\n  _CURRENT_SEARCH_DIR=$(pwd)\nfi;\n\nwhile true; do\n  _CURRENT_SEARCH_DIR=$(dirname \"$_CURRENT_SEARCH_DIR\")\n  if [[ \"$_CURRENT_SEARCH_DIR\" == \"/\" ]] || [[ ${_CURRENT_LOOKUPS} -gt ${_MAX_LOOKUPS} ]]; then break; fi;\n  echo \"info:      ($_CURRENT_LOOKUPS of $_MAX_LOOKUPS) Searching in '$_CURRENT_SEARCH_DIR' for a ${_JSON_FILE_NAME} file.\"\n  _SEARCH_RESULT=$(find \"$_CURRENT_SEARCH_DIR\" -maxdepth 2 -name ${_JSON_FILE_NAME} -print | /usr/bin/head -n 1)\n  if [[ ${_SEARCH_RESULT} ]]; then\n    echo \"info:      ${_JSON_FILE_NAME} found at $_SEARCH_RESULT\"\n    break;\n  fi;\n  _CURRENT_LOOKUPS=$((_CURRENT_LOOKUPS+1))\ndone\n\nif [[ ${_SEARCH_RESULT} ]]; then\n  _JSON_OUTPUT_RAW=$(cat \"${_SEARCH_RESULT}\")\n  _RN_ROOT_EXISTS=$(ruby -Ku -e \"require 'rubygems';require 'json'; output=JSON.parse('$_JSON_OUTPUT_RAW'); puts output[$_JSON_ROOT]\" || echo '')\n\n  if [[ ${_RN_ROOT_EXISTS} ]]; then\n    if ! python3 --version >/dev/null 2>&1; then echo \"python3 not found, firebase.json file processing error.\" && exit 1; fi\n    _JSON_OUTPUT_BASE64=$(python3 -c 'import json,sys,base64;print(base64.b64encode(bytes(json.dumps(json.loads(open('\"'${_SEARCH_RESULT}'\"', '\"'rb'\"').read())['${_JSON_ROOT}']), '\"'utf-8'\"')).decode())' || echo \"e30=\")\n  fi\n\n  _PLIST_ENTRY_KEYS+=(\"firebase_json_raw\")\n  _PLIST_ENTRY_TYPES+=(\"string\")\n  _PLIST_ENTRY_VALUES+=(\"$_JSON_OUTPUT_BASE64\")\n\n  # config.app_data_collection_default_enabled\n  _APP_DATA_COLLECTION_ENABLED=$(getFirebaseJsonKeyValue \"$_JSON_OUTPUT_RAW\" \"app_data_collection_default_enabled\")\n  if [[ $_APP_DATA_COLLECTION_ENABLED ]]; then\n    _PLIST_ENTRY_KEYS+=(\"FirebaseDataCollectionDefaultEnabled\")\n    _PLIST_ENTRY_TYPES+=(\"bool\")\n    _PLIST_ENTRY_VALUES+=(\"$(jsonBoolToYesNo \"$_APP_DATA_COLLECTION_ENABLED\")\")\n  fi\n\n  # config.analytics_auto_collection_enabled\n  _ANALYTICS_AUTO_COLLECTION=$(getFirebaseJsonKeyValue \"$_JSON_OUTPUT_RAW\" \"analytics_auto_collection_enabled\")\n  if [[ $_ANALYTICS_AUTO_COLLECTION ]]; then\n    _PLIST_ENTRY_KEYS+=(\"FIREBASE_ANALYTICS_COLLECTION_ENABLED\")\n    _PLIST_ENTRY_TYPES+=(\"bool\")\n    _PLIST_ENTRY_VALUES+=(\"$(jsonBoolToYesNo \"$_ANALYTICS_AUTO_COLLECTION\")\")\n  fi\n\n  # config.analytics_collection_deactivated\n  _ANALYTICS_DEACTIVATED=$(getFirebaseJsonKeyValue \"$_JSON_OUTPUT_RAW\" \"analytics_collection_deactivated\")\n  if [[ $_ANALYTICS_DEACTIVATED ]]; then\n    _PLIST_ENTRY_KEYS+=(\"FIREBASE_ANALYTICS_COLLECTION_DEACTIVATED\")\n    _PLIST_ENTRY_TYPES+=(\"bool\")\n    _PLIST_ENTRY_VALUES+=(\"$(jsonBoolToYesNo \"$_ANALYTICS_DEACTIVATED\")\")\n  fi\n\n  # config.analytics_idfv_collection_enabled\n  _ANALYTICS_IDFV_COLLECTION=$(getFirebaseJsonKeyValue \"$_JSON_OUTPUT_RAW\" \"analytics_idfv_collection_enabled\")\n  if [[ $_ANALYTICS_IDFV_COLLECTION ]]; then\n    _PLIST_ENTRY_KEYS+=(\"GOOGLE_ANALYTICS_IDFV_COLLECTION_ENABLED\")\n    _PLIST_ENTRY_TYPES+=(\"bool\")\n    _PLIST_ENTRY_VALUES+=(\"$(jsonBoolToYesNo \"$_ANALYTICS_IDFV_COLLECTION\")\")\n  fi\n\n  # config.analytics_default_allow_ad_personalization_signals\n  _ANALYTICS_PERSONALIZATION=$(getFirebaseJsonKeyValue \"$_JSON_OUTPUT_RAW\" \"analytics_default_allow_ad_personalization_signals\")\n  if [[ $_ANALYTICS_PERSONALIZATION ]]; then\n    _PLIST_ENTRY_KEYS+=(\"GOOGLE_ANALYTICS_DEFAULT_ALLOW_AD_PERSONALIZATION_SIGNALS\")\n    _PLIST_ENTRY_TYPES+=(\"bool\")\n    _PLIST_ENTRY_VALUES+=(\"$(jsonBoolToYesNo \"$_ANALYTICS_PERSONALIZATION\")\")\n  fi\n\n  # config.analytics_registration_with_ad_network_enabled\n  _ANALYTICS_REGISTRATION_WITH_AD_NETWORK=$(getFirebaseJsonKeyValue \"$_JSON_OUTPUT_RAW\" \"google_analytics_registration_with_ad_network_enabled\")\n  if [[ $_ANALYTICS_REGISTRATION_WITH_AD_NETWORK ]]; then\n    _PLIST_ENTRY_KEYS+=(\"GOOGLE_ANALYTICS_REGISTRATION_WITH_AD_NETWORK_ENABLED\")\n    _PLIST_ENTRY_TYPES+=(\"bool\")\n    _PLIST_ENTRY_VALUES+=(\"$(jsonBoolToYesNo \"$_ANALYTICS_REGISTRATION_WITH_AD_NETWORK\")\")\n  fi\n\n  # config.google_analytics_automatic_screen_reporting_enabled\n  _ANALYTICS_AUTO_SCREEN_REPORTING=$(getFirebaseJsonKeyValue \"$_JSON_OUTPUT_RAW\" \"google_analytics_automatic_screen_reporting_enabled\")\n  if [[ $_ANALYTICS_AUTO_SCREEN_REPORTING ]]; then\n    _PLIST_ENTRY_KEYS+=(\"FirebaseAutomaticScreenReportingEnabled\")\n    _PLIST_ENTRY_TYPES+=(\"bool\")\n    _PLIST_ENTRY_VALUES+=(\"$(jsonBoolToYesNo \"$_ANALYTICS_AUTO_SCREEN_REPORTING\")\")\n  fi\n\n  # config.perf_auto_collection_enabled\n  _PERF_AUTO_COLLECTION=$(getFirebaseJsonKeyValue \"$_JSON_OUTPUT_RAW\" \"perf_auto_collection_enabled\")\n  if [[ $_PERF_AUTO_COLLECTION ]]; then\n    _PLIST_ENTRY_KEYS+=(\"firebase_performance_collection_enabled\")\n    _PLIST_ENTRY_TYPES+=(\"bool\")\n    _PLIST_ENTRY_VALUES+=(\"$(jsonBoolToYesNo \"$_PERF_AUTO_COLLECTION\")\")\n  fi\n\n  # config.perf_collection_deactivated\n  _PERF_DEACTIVATED=$(getFirebaseJsonKeyValue \"$_JSON_OUTPUT_RAW\" \"perf_collection_deactivated\")\n  if [[ $_PERF_DEACTIVATED ]]; then\n    _PLIST_ENTRY_KEYS+=(\"firebase_performance_collection_deactivated\")\n    _PLIST_ENTRY_TYPES+=(\"bool\")\n    _PLIST_ENTRY_VALUES+=(\"$(jsonBoolToYesNo \"$_PERF_DEACTIVATED\")\")\n  fi\n\n  # config.messaging_auto_init_enabled\n  _MESSAGING_AUTO_INIT=$(getFirebaseJsonKeyValue \"$_JSON_OUTPUT_RAW\" \"messaging_auto_init_enabled\")\n  if [[ $_MESSAGING_AUTO_INIT ]]; then\n    _PLIST_ENTRY_KEYS+=(\"FirebaseMessagingAutoInitEnabled\")\n    _PLIST_ENTRY_TYPES+=(\"bool\")\n    _PLIST_ENTRY_VALUES+=(\"$(jsonBoolToYesNo \"$_MESSAGING_AUTO_INIT\")\")\n  fi\n\n  # config.in_app_messaging_auto_colllection_enabled\n  _FIAM_AUTO_INIT=$(getFirebaseJsonKeyValue \"$_JSON_OUTPUT_RAW\" \"in_app_messaging_auto_collection_enabled\")\n  if [[ $_FIAM_AUTO_INIT ]]; then\n    _PLIST_ENTRY_KEYS+=(\"FirebaseInAppMessagingAutomaticDataCollectionEnabled\")\n    _PLIST_ENTRY_TYPES+=(\"bool\")\n    _PLIST_ENTRY_VALUES+=(\"$(jsonBoolToYesNo \"$_FIAM_AUTO_INIT\")\")\n  fi\n\n  # config.app_check_token_auto_refresh\n  _APP_CHECK_TOKEN_AUTO_REFRESH=$(getFirebaseJsonKeyValue \"$_JSON_OUTPUT_RAW\" \"app_check_token_auto_refresh\")\n  if [[ $_APP_CHECK_TOKEN_AUTO_REFRESH ]]; then\n    _PLIST_ENTRY_KEYS+=(\"FirebaseAppCheckTokenAutoRefreshEnabled\")\n    _PLIST_ENTRY_TYPES+=(\"bool\")\n    _PLIST_ENTRY_VALUES+=(\"$(jsonBoolToYesNo \"$_APP_CHECK_TOKEN_AUTO_REFRESH\")\")\n  fi\n\n  # config.crashlytics_disable_auto_disabler - undocumented for now - mainly for debugging, document if becomes useful\n  _CRASHLYTICS_AUTO_DISABLE_ENABLED=$(getFirebaseJsonKeyValue \"$_JSON_OUTPUT_RAW\" \"crashlytics_disable_auto_disabler\")\n  if [[ $_CRASHLYTICS_AUTO_DISABLE_ENABLED == \"true\" ]]; then\n    echo \"Disabled Crashlytics auto disabler.\" # do nothing\n  else\n    _PLIST_ENTRY_KEYS+=(\"FirebaseCrashlyticsCollectionEnabled\")\n    _PLIST_ENTRY_TYPES+=(\"bool\")\n    _PLIST_ENTRY_VALUES+=(\"NO\")\n  fi\nelse\n  _PLIST_ENTRY_KEYS+=(\"firebase_json_raw\")\n  _PLIST_ENTRY_TYPES+=(\"string\")\n  _PLIST_ENTRY_VALUES+=(\"$_JSON_OUTPUT_BASE64\")\n  echo \"warning:   A firebase.json file was not found, whilst this file is optional it is recommended to include it to configure firebase services in React Native Firebase.\"\nfi;\n\necho \"info: 2) Injecting Info.plist entries: \"\n\n# Log out the keys we're adding\nfor i in \"${!_PLIST_ENTRY_KEYS[@]}\"; do\n  echo \"    ->  $i) ${_PLIST_ENTRY_KEYS[$i]}\" \"${_PLIST_ENTRY_TYPES[$i]}\" \"${_PLIST_ENTRY_VALUES[$i]}\"\ndone\n\nfor plist in \"${_TARGET_PLIST}\" \"${_DSYM_PLIST}\" ; do\n  if [[ -f \"${plist}\" ]]; then\n\n    # paths with spaces break the call to setPlistValue. temporarily modify\n    # the shell internal field separator variable (IFS), which normally\n    # includes spaces, to consist only of line breaks\n    oldifs=$IFS\n    IFS=\"\n\"\n\n    for i in \"${!_PLIST_ENTRY_KEYS[@]}\"; do\n      setPlistValue \"${_PLIST_ENTRY_KEYS[$i]}\" \"${_PLIST_ENTRY_TYPES[$i]}\" \"${_PLIST_ENTRY_VALUES[$i]}\" \"${plist}\"\n    done\n\n    # restore the original internal field separator value\n    IFS=$oldifs\n  else\n    echo \"warning:   A Info.plist build output file was not found (${plist})\"\n  fi\ndone\n\necho \"info: <- RNFB build script finished\"\n";
		};
		D51E19C591CA4801A735D538 /* [CP] Check Pods Manifest.lock */ = {
			isa = PBXShellScriptBuildPhase;
			buildActionMask = 2147483647;
			files = (
			);
			inputFileListPaths = (
			);
			inputPaths = (
				"${PODS_PODFILE_DIR_PATH}/Podfile.lock",
				"${PODS_ROOT}/Manifest.lock",
			);
			name = "[CP] Check Pods Manifest.lock";
			outputFileListPaths = (
			);
			outputPaths = (
				"$(DERIVED_FILE_DIR)/Pods-Weano-WeanoTests-checkManifestLockResult.txt",
			);
			runOnlyForDeploymentPostprocessing = 0;
			shellPath = /bin/sh;
			shellScript = "diff \"${PODS_PODFILE_DIR_PATH}/Podfile.lock\" \"${PODS_ROOT}/Manifest.lock\" > /dev/null\nif [ $? != 0 ] ; then\n    # print error to STDERR\n    echo \"error: The sandbox is not in sync with the Podfile.lock. Run 'pod install' or update your CocoaPods installation.\" >&2\n    exit 1\nfi\n# This output is used by Xcode 'outputs' to avoid re-running this script phase.\necho \"SUCCESS\" > \"${SCRIPT_OUTPUT_FILE_0}\"\n";
			showEnvVarsInLog = 0;
		};
		FD10A7F022414F080027D42C /* Start Packager */ = {
			isa = PBXShellScriptBuildPhase;
			buildActionMask = 2147483647;
			files = (
			);
			inputFileListPaths = (
			);
			inputPaths = (
			);
			name = "Start Packager";
			outputFileListPaths = (
			);
			outputPaths = (
			);
			runOnlyForDeploymentPostprocessing = 0;
			shellPath = /bin/sh;
			shellScript = "export RCT_METRO_PORT=\"${RCT_METRO_PORT:=8081}\"\necho \"export RCT_METRO_PORT=${RCT_METRO_PORT}\" > \"${SRCROOT}/../node_modules/react-native/scripts/.packager.env\"\nif [ -z \"${RCT_NO_LAUNCH_PACKAGER+xxx}\" ] ; then\n  if nc -w 5 -z localhost ${RCT_METRO_PORT} ; then\n    if ! curl -s \"http://localhost:${RCT_METRO_PORT}/status\" | grep -q \"packager-status:running\" ; then\n      echo \"Port ${RCT_METRO_PORT} already in use, packager is either not running or not running correctly\"\n      exit 2\n    fi\n  else\n    open \"$SRCROOT/../node_modules/react-native/scripts/launchPackager.command\" || echo \"Can't start packager automatically\"\n  fi\nfi\n";
			showEnvVarsInLog = 0;
		};
/* End PBXShellScriptBuildPhase section */

/* Begin PBXSourcesBuildPhase section */
		00E356EA1AD99517003FC87E /* Sources */ = {
			isa = PBXSourcesBuildPhase;
			buildActionMask = 2147483647;
			files = (
				00E356F31AD99517003FC87E /* travelio_projectTests.m in Sources */,
				77B1AB033EDF0E0DA7D4FFA1 /* ExpoModulesProvider.swift in Sources */,
			);
			runOnlyForDeploymentPostprocessing = 0;
		};
		13B07F871A680F5B00A75B9A /* Sources */ = {
			isa = PBXSourcesBuildPhase;
			buildActionMask = 2147483647;
			files = (
				13B07FBC1A68108700A75B9A /* AppDelegate.mm in Sources */,
				13B07FC11A68108700A75B9A /* main.m in Sources */,
				5BCC5DBB600AC38FCEB1F140 /* ExpoModulesProvider.swift in Sources */,
			);
			runOnlyForDeploymentPostprocessing = 0;
		};
/* End PBXSourcesBuildPhase section */

/* Begin PBXTargetDependency section */
		00E356F51AD99517003FC87E /* PBXTargetDependency */ = {
			isa = PBXTargetDependency;
			target = 13B07F861A680F5B00A75B9A /* Weano */;
			targetProxy = 00E356F41AD99517003FC87E /* PBXContainerItemProxy */;
		};
/* End PBXTargetDependency section */

/* Begin XCBuildConfiguration section */
		00E356F61AD99517003FC87E /* Debug */ = {
			isa = XCBuildConfiguration;
			baseConfigurationReference = 2050C7CEE8772FF5D3D6397F /* Pods-Weano-WeanoTests.debug.xcconfig */;
			buildSettings = {
				BUNDLE_LOADER = "$(TEST_HOST)";
				DEVELOPMENT_TEAM = STU7JVLU85;
				GCC_PREPROCESSOR_DEFINITIONS = (
					"DEBUG=1",
					"$(inherited)",
				);
				HEADER_SEARCH_PATHS = "$(inherited)";
				INFOPLIST_FILE = travelio_projectTests/Info.plist;
				IPHONEOS_DEPLOYMENT_TARGET = 12.0;
				LD_RUNPATH_SEARCH_PATHS = (
					"$(inherited)",
					"@executable_path/Frameworks",
					"@loader_path/Frameworks",
				);
				OTHER_LDFLAGS = (
					"-ObjC",
					"-lc++",
					"$(inherited)",
				);
				OTHER_SWIFT_FLAGS = "$(inherited) -D EXPO_CONFIGURATION_DEBUG";
				PRODUCT_BUNDLE_IDENTIFIER = "org.reactjs.native.example.$(PRODUCT_NAME:rfc1034identifier)";
				PRODUCT_NAME = "$(TARGET_NAME)";
				TEST_HOST = "$(BUILT_PRODUCTS_DIR)/Weano.app/Weano";
			};
			name = Debug;
		};
		00E356F71AD99517003FC87E /* Release */ = {
			isa = XCBuildConfiguration;
			baseConfigurationReference = F615C3B7B57C2B88DAA81D3F /* Pods-Weano-WeanoTests.release.xcconfig */;
			buildSettings = {
				BUNDLE_LOADER = "$(TEST_HOST)";
				COPY_PHASE_STRIP = NO;
				DEVELOPMENT_TEAM = STU7JVLU85;
				HEADER_SEARCH_PATHS = "$(inherited)";
				INFOPLIST_FILE = travelio_projectTests/Info.plist;
				IPHONEOS_DEPLOYMENT_TARGET = 12.0;
				LD_RUNPATH_SEARCH_PATHS = (
					"$(inherited)",
					"@executable_path/Frameworks",
					"@loader_path/Frameworks",
				);
				OTHER_LDFLAGS = (
					"-ObjC",
					"-lc++",
					"$(inherited)",
				);
				OTHER_SWIFT_FLAGS = "$(inherited) -D EXPO_CONFIGURATION_RELEASE -D EXPO_CONFIGURATION_DEBUG";
				PRODUCT_BUNDLE_IDENTIFIER = "org.reactjs.native.example.$(PRODUCT_NAME:rfc1034identifier)";
				PRODUCT_NAME = "$(TARGET_NAME)";
				TEST_HOST = "$(BUILT_PRODUCTS_DIR)/Weano.app/Weano";
			};
			name = Release;
		};
		13B07F941A680F5B00A75B9A /* Debug */ = {
			isa = XCBuildConfiguration;
			baseConfigurationReference = 2FBC3F42241388AB6E6A8BC5 /* Pods-Weano.debug.xcconfig */;
			buildSettings = {
				ASSETCATALOG_COMPILER_APPICON_NAME = AppIcon;
				CLANG_ENABLE_MODULES = YES;
				CODE_SIGN_ENTITLEMENTS = travelio_project/travelio_project.entitlements;
				CURRENT_PROJECT_VERSION = 2;
				DEVELOPMENT_TEAM = STU7JVLU85;
				ENABLE_BITCODE = NO;
				HEADER_SEARCH_PATHS = "$(inherited)";
				INFOPLIST_FILE = travelio_project/Info.plist;
				INFOPLIST_KEY_CFBundleDisplayName = Weano;
				INFOPLIST_KEY_LSApplicationCategoryType = "public.app-category.travel";
				IPHONEOS_DEPLOYMENT_TARGET = 13.0;
				LD_RUNPATH_SEARCH_PATHS = (
					"$(inherited)",
					"@executable_path/Frameworks",
				);
				MARKETING_VERSION = 1.01;
				OTHER_LDFLAGS = (
					"$(inherited)",
					"-ObjC",
					"-lc++",
				);
				OTHER_SWIFT_FLAGS = "$(inherited) -D EXPO_CONFIGURATION_DEBUG";
				PRODUCT_BUNDLE_IDENTIFIER = com.fabiansimon.travelio;
				PRODUCT_NAME = Weano;
				SUPPORTED_PLATFORMS = "iphoneos iphonesimulator";
				SUPPORTS_MACCATALYST = NO;
				SUPPORTS_MAC_DESIGNED_FOR_IPHONE_IPAD = NO;
				SUPPORTS_XR_DESIGNED_FOR_IPHONE_IPAD = NO;
				SWIFT_OPTIMIZATION_LEVEL = "-Onone";
				SWIFT_VERSION = 5.0;
				TARGETED_DEVICE_FAMILY = 1;
				VERSIONING_SYSTEM = "apple-generic";
			};
			name = Debug;
		};
		13B07F951A680F5B00A75B9A /* Release */ = {
			isa = XCBuildConfiguration;
			baseConfigurationReference = C1A33D7D5D4BF4E5419B64AF /* Pods-Weano.release.xcconfig */;
			buildSettings = {
				ASSETCATALOG_COMPILER_APPICON_NAME = AppIcon;
				CLANG_ENABLE_MODULES = YES;
				CODE_SIGN_ENTITLEMENTS = travelio_project/travelio_project.entitlements;
				CURRENT_PROJECT_VERSION = 2;
				DEVELOPMENT_TEAM = STU7JVLU85;
				HEADER_SEARCH_PATHS = "$(inherited)";
				INFOPLIST_FILE = travelio_project/Info.plist;
				INFOPLIST_KEY_CFBundleDisplayName = Weano;
				INFOPLIST_KEY_LSApplicationCategoryType = "public.app-category.travel";
				IPHONEOS_DEPLOYMENT_TARGET = 13.0;
				LD_RUNPATH_SEARCH_PATHS = (
					"$(inherited)",
					"@executable_path/Frameworks",
				);
				MARKETING_VERSION = 1.01;
				OTHER_LDFLAGS = (
					"$(inherited)",
					"-ObjC",
					"-lc++",
				);
				OTHER_SWIFT_FLAGS = "$(inherited) -D EXPO_CONFIGURATION_RELEASE -D EXPO_CONFIGURATION_DEBUG";
				PRODUCT_BUNDLE_IDENTIFIER = com.fabiansimon.travelio;
				PRODUCT_NAME = Weano;
				SUPPORTED_PLATFORMS = "iphoneos iphonesimulator";
				SUPPORTS_MACCATALYST = NO;
				SUPPORTS_MAC_DESIGNED_FOR_IPHONE_IPAD = NO;
				SUPPORTS_XR_DESIGNED_FOR_IPHONE_IPAD = NO;
				SWIFT_VERSION = 5.0;
				TARGETED_DEVICE_FAMILY = 1;
				VERSIONING_SYSTEM = "apple-generic";
			};
			name = Release;
		};
		83CBBA201A601CBA00E9B192 /* Debug */ = {
			isa = XCBuildConfiguration;
			buildSettings = {
				ALWAYS_SEARCH_USER_PATHS = NO;
				CLANG_ANALYZER_LOCALIZABILITY_NONLOCALIZED = YES;
				CLANG_CXX_LANGUAGE_STANDARD = "c++17";
				CLANG_CXX_LIBRARY = "libc++";
				CLANG_ENABLE_MODULES = YES;
				CLANG_ENABLE_OBJC_ARC = YES;
				CLANG_WARN_BLOCK_CAPTURE_AUTORELEASING = YES;
				CLANG_WARN_BOOL_CONVERSION = YES;
				CLANG_WARN_COMMA = YES;
				CLANG_WARN_CONSTANT_CONVERSION = YES;
				CLANG_WARN_DEPRECATED_OBJC_IMPLEMENTATIONS = YES;
				CLANG_WARN_DIRECT_OBJC_ISA_USAGE = YES_ERROR;
				CLANG_WARN_EMPTY_BODY = YES;
				CLANG_WARN_ENUM_CONVERSION = YES;
				CLANG_WARN_INFINITE_RECURSION = YES;
				CLANG_WARN_INT_CONVERSION = YES;
				CLANG_WARN_NON_LITERAL_NULL_CONVERSION = YES;
				CLANG_WARN_OBJC_IMPLICIT_RETAIN_SELF = YES;
				CLANG_WARN_OBJC_LITERAL_CONVERSION = YES;
				CLANG_WARN_OBJC_ROOT_CLASS = YES_ERROR;
				CLANG_WARN_QUOTED_INCLUDE_IN_FRAMEWORK_HEADER = YES;
				CLANG_WARN_RANGE_LOOP_ANALYSIS = YES;
				CLANG_WARN_STRICT_PROTOTYPES = YES;
				CLANG_WARN_SUSPICIOUS_MOVE = YES;
				CLANG_WARN_UNREACHABLE_CODE = YES;
				CLANG_WARN__DUPLICATE_METHOD_MATCH = YES;
				"CODE_SIGN_IDENTITY[sdk=iphoneos*]" = "iPhone Developer";
				COPY_PHASE_STRIP = NO;
				ENABLE_STRICT_OBJC_MSGSEND = YES;
				ENABLE_TESTABILITY = YES;
				"EXCLUDED_ARCHS[sdk=iphonesimulator*]" = i386;
				GCC_C_LANGUAGE_STANDARD = gnu99;
				GCC_DYNAMIC_NO_PIC = NO;
				GCC_NO_COMMON_BLOCKS = YES;
				GCC_OPTIMIZATION_LEVEL = 0;
				GCC_PREPROCESSOR_DEFINITIONS = (
					"DEBUG=1",
					"$(inherited)",
				);
				GCC_SYMBOLS_PRIVATE_EXTERN = NO;
				GCC_WARN_64_TO_32_BIT_CONVERSION = YES;
				GCC_WARN_ABOUT_RETURN_TYPE = YES_ERROR;
				GCC_WARN_UNDECLARED_SELECTOR = YES;
				GCC_WARN_UNINITIALIZED_AUTOS = YES_AGGRESSIVE;
				GCC_WARN_UNUSED_FUNCTION = YES;
				GCC_WARN_UNUSED_VARIABLE = YES;
				HEADER_SEARCH_PATHS = (
					"$(inherited)",
					"${PODS_CONFIGURATION_BUILD_DIR}/ReactCommon/ReactCommon.framework/Headers",
					"${PODS_CONFIGURATION_BUILD_DIR}/ReactCommon/ReactCommon.framework/Headers/react/nativemodule/core",
					"${PODS_CONFIGURATION_BUILD_DIR}/ReactCommon-Samples/ReactCommon_Samples.framework/Headers",
					"${PODS_CONFIGURATION_BUILD_DIR}/ReactCommon-Samples/ReactCommon_Samples.framework/Headers/platform/ios",
					"${PODS_CONFIGURATION_BUILD_DIR}/React-Fabric/React_Fabric.framework/Headers/react/renderer/components/view/platform/cxx",
					"${PODS_CONFIGURATION_BUILD_DIR}/React-NativeModulesApple/React_NativeModulesApple.framework/Headers",
					"${PODS_CONFIGURATION_BUILD_DIR}/React-graphics/React_graphics.framework/Headers",
					"${PODS_CONFIGURATION_BUILD_DIR}/React-graphics/React_graphics.framework/Headers/react/renderer/graphics/platform/ios",
				);
				IPHONEOS_DEPLOYMENT_TARGET = 13.0;
				LD_RUNPATH_SEARCH_PATHS = (
					/usr/lib/swift,
					"$(inherited)",
				);
				LIBRARY_SEARCH_PATHS = (
					"\"$(SDKROOT)/usr/lib/swift\"",
					"\"$(TOOLCHAIN_DIR)/usr/lib/swift/$(PLATFORM_NAME)\"",
					"\"$(inherited)\"",
				);
				MTL_ENABLE_DEBUG_INFO = YES;
				ONLY_ACTIVE_ARCH = YES;
				OTHER_CFLAGS = "$(inherited)";
				OTHER_CPLUSPLUSFLAGS = (
					"$(OTHER_CFLAGS)",
					"-DFOLLY_NO_CONFIG",
					"-DFOLLY_MOBILE=1",
					"-DFOLLY_USE_LIBCPP=1",
				);
				OTHER_LDFLAGS = (
					"$(inherited)",
					" ",
				);
				REACT_NATIVE_PATH = "${PODS_ROOT}/../../node_modules/react-native";
				SDKROOT = iphoneos;
				USE_HERMES = true;
			};
			name = Debug;
		};
		83CBBA211A601CBA00E9B192 /* Release */ = {
			isa = XCBuildConfiguration;
			buildSettings = {
				ALWAYS_SEARCH_USER_PATHS = NO;
				CLANG_ANALYZER_LOCALIZABILITY_NONLOCALIZED = YES;
				CLANG_CXX_LANGUAGE_STANDARD = "c++17";
				CLANG_CXX_LIBRARY = "libc++";
				CLANG_ENABLE_MODULES = YES;
				CLANG_ENABLE_OBJC_ARC = YES;
				CLANG_WARN_BLOCK_CAPTURE_AUTORELEASING = YES;
				CLANG_WARN_BOOL_CONVERSION = YES;
				CLANG_WARN_COMMA = YES;
				CLANG_WARN_CONSTANT_CONVERSION = YES;
				CLANG_WARN_DEPRECATED_OBJC_IMPLEMENTATIONS = YES;
				CLANG_WARN_DIRECT_OBJC_ISA_USAGE = YES_ERROR;
				CLANG_WARN_EMPTY_BODY = YES;
				CLANG_WARN_ENUM_CONVERSION = YES;
				CLANG_WARN_INFINITE_RECURSION = YES;
				CLANG_WARN_INT_CONVERSION = YES;
				CLANG_WARN_NON_LITERAL_NULL_CONVERSION = YES;
				CLANG_WARN_OBJC_IMPLICIT_RETAIN_SELF = YES;
				CLANG_WARN_OBJC_LITERAL_CONVERSION = YES;
				CLANG_WARN_OBJC_ROOT_CLASS = YES_ERROR;
				CLANG_WARN_QUOTED_INCLUDE_IN_FRAMEWORK_HEADER = YES;
				CLANG_WARN_RANGE_LOOP_ANALYSIS = YES;
				CLANG_WARN_STRICT_PROTOTYPES = YES;
				CLANG_WARN_SUSPICIOUS_MOVE = YES;
				CLANG_WARN_UNREACHABLE_CODE = YES;
				CLANG_WARN__DUPLICATE_METHOD_MATCH = YES;
				"CODE_SIGN_IDENTITY[sdk=iphoneos*]" = "iPhone Developer";
				COPY_PHASE_STRIP = YES;
				ENABLE_NS_ASSERTIONS = NO;
				ENABLE_STRICT_OBJC_MSGSEND = YES;
				"EXCLUDED_ARCHS[sdk=iphonesimulator*]" = i386;
				GCC_C_LANGUAGE_STANDARD = gnu99;
				GCC_NO_COMMON_BLOCKS = YES;
				GCC_WARN_64_TO_32_BIT_CONVERSION = YES;
				GCC_WARN_ABOUT_RETURN_TYPE = YES_ERROR;
				GCC_WARN_UNDECLARED_SELECTOR = YES;
				GCC_WARN_UNINITIALIZED_AUTOS = YES_AGGRESSIVE;
				GCC_WARN_UNUSED_FUNCTION = YES;
				GCC_WARN_UNUSED_VARIABLE = YES;
				HEADER_SEARCH_PATHS = (
					"$(inherited)",
					"${PODS_CONFIGURATION_BUILD_DIR}/ReactCommon/ReactCommon.framework/Headers",
					"${PODS_CONFIGURATION_BUILD_DIR}/ReactCommon/ReactCommon.framework/Headers/react/nativemodule/core",
					"${PODS_CONFIGURATION_BUILD_DIR}/ReactCommon-Samples/ReactCommon_Samples.framework/Headers",
					"${PODS_CONFIGURATION_BUILD_DIR}/ReactCommon-Samples/ReactCommon_Samples.framework/Headers/platform/ios",
					"${PODS_CONFIGURATION_BUILD_DIR}/React-Fabric/React_Fabric.framework/Headers/react/renderer/components/view/platform/cxx",
					"${PODS_CONFIGURATION_BUILD_DIR}/React-NativeModulesApple/React_NativeModulesApple.framework/Headers",
					"${PODS_CONFIGURATION_BUILD_DIR}/React-graphics/React_graphics.framework/Headers",
					"${PODS_CONFIGURATION_BUILD_DIR}/React-graphics/React_graphics.framework/Headers/react/renderer/graphics/platform/ios",
				);
				IPHONEOS_DEPLOYMENT_TARGET = 13.0;
				LD_RUNPATH_SEARCH_PATHS = (
					/usr/lib/swift,
					"$(inherited)",
				);
				LIBRARY_SEARCH_PATHS = (
					"\"$(SDKROOT)/usr/lib/swift\"",
					"\"$(TOOLCHAIN_DIR)/usr/lib/swift/$(PLATFORM_NAME)\"",
					"\"$(inherited)\"",
				);
				MTL_ENABLE_DEBUG_INFO = NO;
				OTHER_CFLAGS = "$(inherited)";
				OTHER_CPLUSPLUSFLAGS = (
					"$(OTHER_CFLAGS)",
					"-DFOLLY_NO_CONFIG",
					"-DFOLLY_MOBILE=1",
					"-DFOLLY_USE_LIBCPP=1",
				);
				OTHER_LDFLAGS = (
					"$(inherited)",
					" ",
				);
				REACT_NATIVE_PATH = "${PODS_ROOT}/../../node_modules/react-native";
				SDKROOT = iphoneos;
				USE_HERMES = true;
				VALIDATE_PRODUCT = YES;
			};
			name = Release;
		};
/* End XCBuildConfiguration section */

/* Begin XCConfigurationList section */
		00E357021AD99517003FC87E /* Build configuration list for PBXNativeTarget "WeanoTests" */ = {
			isa = XCConfigurationList;
			buildConfigurations = (
				00E356F61AD99517003FC87E /* Debug */,
				00E356F71AD99517003FC87E /* Release */,
			);
			defaultConfigurationIsVisible = 0;
			defaultConfigurationName = Release;
		};
		13B07F931A680F5B00A75B9A /* Build configuration list for PBXNativeTarget "Weano" */ = {
			isa = XCConfigurationList;
			buildConfigurations = (
				13B07F941A680F5B00A75B9A /* Debug */,
				13B07F951A680F5B00A75B9A /* Release */,
			);
			defaultConfigurationIsVisible = 0;
			defaultConfigurationName = Release;
		};
		83CBB9FA1A601CBA00E9B192 /* Build configuration list for PBXProject "Weano" */ = {
			isa = XCConfigurationList;
			buildConfigurations = (
				83CBBA201A601CBA00E9B192 /* Debug */,
				83CBBA211A601CBA00E9B192 /* Release */,
			);
			defaultConfigurationIsVisible = 0;
			defaultConfigurationName = Release;
		};
/* End XCConfigurationList section */
	};
	rootObject = 83CBB9F71A601CBA00E9B192 /* Project object */;
}
